// !$*UTF8*$!
{
	archiveVersion = 1;
	classes = {
	};
	objectVersion = 46;
	objects = {

/* Begin PBXBuildFile section */
		C94183D81C0E261300FA92DE /* AppDelegate.swift in Sources */ = {isa = PBXBuildFile; fileRef = C94183D71C0E261300FA92DE /* AppDelegate.swift */; };
		C94183DA1C0E261300FA92DE /* Assets.xcassets in Resources */ = {isa = PBXBuildFile; fileRef = C94183D91C0E261300FA92DE /* Assets.xcassets */; };
		C94183DD1C0E261300FA92DE /* MainMenu.xib in Resources */ = {isa = PBXBuildFile; fileRef = C94183DB1C0E261300FA92DE /* MainMenu.xib */; };
/* End PBXBuildFile section */

/* Begin PBXFileReference section */
		C94183D41C0E261300FA92DE /* CompassTest.app */ = {isa = PBXFileReference; explicitFileType = wrapper.application; includeInIndex = 0; path = CompassTest.app; sourceTree = BUILT_PRODUCTS_DIR; };
		C94183D71C0E261300FA92DE /* AppDelegate.swift */ = {isa = PBXFileReference; lastKnownFileType = sourcecode.swift; path = AppDelegate.swift; sourceTree = "<group>"; };
		C94183D91C0E261300FA92DE /* Assets.xcassets */ = {isa = PBXFileReference; lastKnownFileType = folder.assetcatalog; path = Assets.xcassets; sourceTree = "<group>"; };
		C94183DC1C0E261300FA92DE /* Base */ = {isa = PBXFileReference; lastKnownFileType = file.xib; name = Base; path = Base.lproj/MainMenu.xib; sourceTree = "<group>"; };
		C94183DE1C0E261300FA92DE /* Info.plist */ = {isa = PBXFileReference; lastKnownFileType = text.plist.xml; path = Info.plist; sourceTree = "<group>"; };
/* End PBXFileReference section */

/* Begin PBXFrameworksBuildPhase section */
		C94183D11C0E261300FA92DE /* Frameworks */ = {
			isa = PBXFrameworksBuildPhase;
			buildActionMask = 2147483647;
			files = (
			);
			runOnlyForDeploymentPostprocessing = 0;
		};
/* End PBXFrameworksBuildPhase section */

/* Begin PBXGroup section */
		C94183CB1C0E261200FA92DE = {
			isa = PBXGroup;
			children = (
				C94183D61C0E261300FA92DE /* CompassTest */,
				C94183D51C0E261300FA92DE /* Products */,
			);
			sourceTree = "<group>";
		};
		C94183D51C0E261300FA92DE /* Products */ = {
			isa = PBXGroup;
			children = (
				C94183D41C0E261300FA92DE /* CompassTest.app */,
			);
			name = Products;
			sourceTree = "<group>";
		};
		C94183D61C0E261300FA92DE /* CompassTest */ = {
			isa = PBXGroup;
			children = (
				C94183D71C0E261300FA92DE /* AppDelegate.swift */,
				C94183D91C0E261300FA92DE /* Assets.xcassets */,
				C94183DB1C0E261300FA92DE /* MainMenu.xib */,
				C94183DE1C0E261300FA92DE /* Info.plist */,
			);
			path = CompassTest;
			sourceTree = "<group>";
		};
/* End PBXGroup section */

/* Begin PBXNativeTarget section */
		C94183D31C0E261300FA92DE /* CompassTest */ = {
			isa = PBXNativeTarget;
			buildConfigurationList = C94183E11C0E261300FA92DE /* Build configuration list for PBXNativeTarget "CompassTest" */;
			buildPhases = (
				C94183D01C0E261300FA92DE /* Sources */,
				C94183D11C0E261300FA92DE /* Frameworks */,
				C94183D21C0E261300FA92DE /* Resources */,
			);
			buildRules = (
			);
			dependencies = (
			);
			name = CompassTest;
			productName = CompassTest;
			productReference = C94183D41C0E261300FA92DE /* CompassTest.app */;
			productType = "com.apple.product-type.application";
		};
/* End PBXNativeTarget section */

/* Begin PBXProject section */
		C94183CC1C0E261200FA92DE /* Project object */ = {
			isa = PBXProject;
			attributes = {
				LastSwiftUpdateCheck = 0710;
				LastUpgradeCheck = 0710;
				ORGANIZATIONNAME = Cisco;
				TargetAttributes = {
					C94183D31C0E261300FA92DE = {
						CreatedOnToolsVersion = 7.1;
					};
				};
			};
			buildConfigurationList = C94183CF1C0E261200FA92DE /* Build configuration list for PBXProject "CompassTest" */;
			compatibilityVersion = "Xcode 3.2";
			developmentRegion = English;
			hasScannedForEncodings = 0;
			knownRegions = (
				en,
				Base,
			);
			mainGroup = C94183CB1C0E261200FA92DE;
			productRefGroup = C94183D51C0E261300FA92DE /* Products */;
			projectDirPath = "";
			projectRoot = "";
			targets = (
				C94183D31C0E261300FA92DE /* CompassTest */,
			);
		};
/* End PBXProject section */

/* Begin PBXResourcesBuildPhase section */
		C94183D21C0E261300FA92DE /* Resources */ = {
			isa = PBXResourcesBuildPhase;
			buildActionMask = 2147483647;
			files = (
				C94183DA1C0E261300FA92DE /* Assets.xcassets in Resources */,
				C94183DD1C0E261300FA92DE /* MainMenu.xib in Resources */,
			);
			runOnlyForDeploymentPostprocessing = 0;
		};
/* End PBXResourcesBuildPhase section */

/* Begin PBXSourcesBuildPhase section */
		C94183D01C0E261300FA92DE /* Sources */ = {
			isa = PBXSourcesBuildPhase;
			buildActionMask = 2147483647;
			files = (
				C94183D81C0E261300FA92DE /* AppDelegate.swift in Sources */,
			);
			runOnlyForDeploymentPostprocessing = 0;
		};
/* End PBXSourcesBuildPhase section */

/* Begin PBXVariantGroup section */
		C94183DB1C0E261300FA92DE /* MainMenu.xib */ = {
			isa = PBXVariantGroup;
			children = (
				C94183DC1C0E261300FA92DE /* Base */,
			);
			name = MainMenu.xib;
			sourceTree = "<group>";
		};
/* End PBXVariantGroup section */

/* Begin XCBuildConfiguration section */
		C94183DF1C0E261300FA92DE /* Debug */ = {
			isa = XCBuildConfiguration;
			buildSettings = {
				ALWAYS_SEARCH_USER_PATHS = NO;
				CLANG_CXX_LANGUAGE_STANDARD = "gnu++0x";
				CLANG_CXX_LIBRARY = "libc++";
				CLANG_ENABLE_MODULES = YES;
				CLANG_ENABLE_OBJC_ARC = YES;
				CLANG_WARN_BOOL_CONVERSION = YES;
				CLANG_WARN_CONSTANT_CONVERSION = YES;
				CLANG_WARN_DIRECT_OBJC_ISA_USAGE = YES_ERROR;
				CLANG_WARN_EMPTY_BODY = YES;
				CLANG_WARN_ENUM_CONVERSION = YES;
				CLANG_WARN_INT_CONVERSION = YES;
				CLANG_WARN_OBJC_ROOT_CLASS = YES_ERROR;
				CLANG_WARN_UNREACHABLE_CODE = YES;
				CLANG_WARN__DUPLICATE_METHOD_MATCH = YES;
				CODE_SIGN_IDENTITY = "-";
				COPY_PHASE_STRIP = NO;
				DEBUG_INFORMATION_FORMAT = dwarf;
				ENABLE_STRICT_OBJC_MSGSEND = YES;
				ENABLE_TESTABILITY = YES;
				GCC_C_LANGUAGE_STANDARD = gnu99;
				GCC_DYNAMIC_NO_PIC = NO;
				GCC_NO_COMMON_BLOCKS = YES;
				GCC_OPTIMIZATION_LEVEL = 0;
				GCC_PREPROCESSOR_DEFINITIONS = (
					"DEBUG=1",
					"$(inherited)",
				);
				GCC_WARN_64_TO_32_BIT_CONVERSION = YES;
				GCC_WARN_ABOUT_RETURN_TYPE = YES_ERROR;
				GCC_WARN_UNDECLARED_SELECTOR = YES;
				GCC_WARN_UNINITIALIZED_AUTOS = YES_AGGRESSIVE;
				GCC_WARN_UNUSED_FUNCTION = YES;
				GCC_WARN_UNUSED_VARIABLE = YES;
				MACOSX_DEPLOYMENT_TARGET = 10.11;
				MTL_ENABLE_DEBUG_INFO = YES;
				ONLY_ACTIVE_ARCH = YES;
				SDKROOT = macosx;
				SWIFT_OPTIMIZATION_LEVEL = "-Onone";
			};
			name = Debug;
		};
		C94183E01C0E261300FA92DE /* Release */ = {
			isa = XCBuildConfiguration;
			buildSettings = {
				ALWAYS_SEARCH_USER_PATHS = NO;
				CLANG_CXX_LANGUAGE_STANDARD = "gnu++0x";
				CLANG_CXX_LIBRARY = "libc++";
				CLANG_ENABLE_MODULES = YES;
				CLANG_ENABLE_OBJC_ARC = YES;
				CLANG_WARN_BOOL_CONVERSION = YES;
				CLANG_WARN_CONSTANT_CONVERSION = YES;
				CLANG_WARN_DIRECT_OBJC_ISA_USAGE = YES_ERROR;
				CLANG_WARN_EMPTY_BODY = YES;
				CLANG_WARN_ENUM_CONVERSION = YES;
				CLANG_WARN_INT_CONVERSION = YES;
				CLANG_WARN_OBJC_ROOT_CLASS = YES_ERROR;
				CLANG_WARN_UNREACHABLE_CODE = YES;
				CLANG_WARN__DUPLICATE_METHOD_MATCH = YES;
				CODE_SIGN_IDENTITY = "-";
				COPY_PHASE_STRIP = NO;
				DEBUG_INFORMATION_FORMAT = "dwarf-with-dsym";
				ENABLE_NS_ASSERTIONS = NO;
				ENABLE_STRICT_OBJC_MSGSEND = YES;
				GCC_C_LANGUAGE_STANDARD = gnu99;
				GCC_NO_COMMON_BLOCKS = YES;
				GCC_WARN_64_TO_32_BIT_CONVERSION = YES;
				GCC_WARN_ABOUT_RETURN_TYPE = YES_ERROR;
				GCC_WARN_UNDECLARED_SELECTOR = YES;
				GCC_WARN_UNINITIALIZED_AUTOS = YES_AGGRESSIVE;
				GCC_WARN_UNUSED_FUNCTION = YES;
				GCC_WARN_UNUSED_VARIABLE = YES;
				MACOSX_DEPLOYMENT_TARGET = 10.11;
				MTL_ENABLE_DEBUG_INFO = NO;
				SDKROOT = macosx;
			};
			name = Release;
		};
		C94183E21C0E261300FA92DE /* Debug */ = {
			isa = XCBuildConfiguration;
			buildSettings = {
				ASSETCATALOG_COMPILER_APPICON_NAME = AppIcon;
				COMBINE_HIDPI_IMAGES = YES;
				INFOPLIST_FILE = CompassTest/Info.plist;
				LD_RUNPATH_SEARCH_PATHS = "$(inherited) @executable_path/../Frameworks";
				PRODUCT_BUNDLE_IDENTIFIER = com.cisco.flare.CompassTest;
				PRODUCT_NAME = "$(TARGET_NAME)";
			};
			name = Debug;
		};
		C94183E31C0E261300FA92DE /* Release */ = {
			isa = XCBuildConfiguration;
			buildSettings = {
				ASSETCATALOG_COMPILER_APPICON_NAME = AppIcon;
				COMBINE_HIDPI_IMAGES = YES;
				INFOPLIST_FILE = CompassTest/Info.plist;
				LD_RUNPATH_SEARCH_PATHS = "$(inherited) @executable_path/../Frameworks";
				PRODUCT_BUNDLE_IDENTIFIER = com.cisco.flare.CompassTest;
				PRODUCT_NAME = "$(TARGET_NAME)";
			};
			name = Release;
		};
/* End XCBuildConfiguration section */

/* Begin XCConfigurationList section */
		C94183CF1C0E261200FA92DE /* Build configuration list for PBXProject "CompassTest" */ = {
			isa = XCConfigurationList;
			buildConfigurations = (
				C94183DF1C0E261300FA92DE /* Debug */,
				C94183E01C0E261300FA92DE /* Release */,
			);
			defaultConfigurationIsVisible = 0;
			defaultConfigurationName = Release;
		};
		C94183E11C0E261300FA92DE /* Build configuration list for PBXNativeTarget "CompassTest" */ = {
			isa = XCConfigurationList;
			buildConfigurations = (
				C94183E21C0E261300FA92DE /* Debug */,
				C94183E31C0E261300FA92DE /* Release */,
			);
			defaultConfigurationIsVisible = 0;
		};
/* End XCConfigurationList section */
	};
	rootObject = C94183CC1C0E261200FA92DE /* Project object */;
}
