// !$*UTF8*$!
{
	archiveVersion = 1;
	classes = {
	};
	objectVersion = 46;
	objects = {

/* Begin PBXBuildFile section */
		C9304B9C1C6811BF002FB638 /* DetailsController.swift in Sources */ = {isa = PBXBuildFile; fileRef = C9304B9B1C6811BF002FB638 /* DetailsController.swift */; };
		C94290E71C1B83A400FFAA84 /* ColorButton.swift in Sources */ = {isa = PBXBuildFile; fileRef = C94290E61C1B83A400FFAA84 /* ColorButton.swift */; };
		C95CEBF91C1209B100C3A226 /* CompassView.swift in Sources */ = {isa = PBXBuildFile; fileRef = C95CEBF81C1209B100C3A226 /* CompassView.swift */; };
		C95CEBFB1C163A1700C3A226 /* DeviceController.swift in Sources */ = {isa = PBXBuildFile; fileRef = C95CEBFA1C163A1700C3A226 /* DeviceController.swift */; };
		C95E8F7A1C5C115F00C30E8E /* arholma-blue.png in Resources */ = {isa = PBXBuildFile; fileRef = C95E8F551C5C115F00C30E8E /* arholma-blue.png */; };
		C95E8F7B1C5C115F00C30E8E /* arholma-green.png in Resources */ = {isa = PBXBuildFile; fileRef = C95E8F561C5C115F00C30E8E /* arholma-green.png */; };
		C95E8F7C1C5C115F00C30E8E /* arholma-orange.png in Resources */ = {isa = PBXBuildFile; fileRef = C95E8F571C5C115F00C30E8E /* arholma-orange.png */; };
		C95E8F7D1C5C115F00C30E8E /* arholma-red.png in Resources */ = {isa = PBXBuildFile; fileRef = C95E8F581C5C115F00C30E8E /* arholma-red.png */; };
		C95E8F7E1C5C115F00C30E8E /* arholma-white.png in Resources */ = {isa = PBXBuildFile; fileRef = C95E8F591C5C115F00C30E8E /* arholma-white.png */; };
		C95E8F7F1C5C115F00C30E8E /* coombe-black.png in Resources */ = {isa = PBXBuildFile; fileRef = C95E8F5A1C5C115F00C30E8E /* coombe-black.png */; };
		C95E8F801C5C115F00C30E8E /* coombe-gray.png in Resources */ = {isa = PBXBuildFile; fileRef = C95E8F5B1C5C115F00C30E8E /* coombe-gray.png */; };
		C95E8F811C5C115F00C30E8E /* coombe-lightgray.png in Resources */ = {isa = PBXBuildFile; fileRef = C95E8F5C1C5C115F00C30E8E /* coombe-lightgray.png */; };
		C95E8F821C5C115F00C30E8E /* coombe-red.png in Resources */ = {isa = PBXBuildFile; fileRef = C95E8F5D1C5C115F00C30E8E /* coombe-red.png */; };
		C95E8F831C5C115F00C30E8E /* coombe-yellow.png in Resources */ = {isa = PBXBuildFile; fileRef = C95E8F5E1C5C115F00C30E8E /* coombe-yellow.png */; };
		C95E8F841C5C115F00C30E8E /* dagarn-green.png in Resources */ = {isa = PBXBuildFile; fileRef = C95E8F5F1C5C115F00C30E8E /* dagarn-green.png */; };
		C95E8F851C5C115F00C30E8E /* dagarn-lightblue.png in Resources */ = {isa = PBXBuildFile; fileRef = C95E8F601C5C115F00C30E8E /* dagarn-lightblue.png */; };
		C95E8F861C5C115F00C30E8E /* dagarn-purple.png in Resources */ = {isa = PBXBuildFile; fileRef = C95E8F611C5C115F00C30E8E /* dagarn-purple.png */; };
		C95E8F871C5C115F00C30E8E /* dagarn-red.png in Resources */ = {isa = PBXBuildFile; fileRef = C95E8F621C5C115F00C30E8E /* dagarn-red.png */; };
		C95E8F881C5C115F00C30E8E /* erska-orange.png in Resources */ = {isa = PBXBuildFile; fileRef = C95E8F631C5C115F00C30E8E /* erska-orange.png */; };
		C95E8F891C5C115F00C30E8E /* erska-purple.png in Resources */ = {isa = PBXBuildFile; fileRef = C95E8F641C5C115F00C30E8E /* erska-purple.png */; };
		C95E8F8A1C5C115F00C30E8E /* erska-red.png in Resources */ = {isa = PBXBuildFile; fileRef = C95E8F651C5C115F00C30E8E /* erska-red.png */; };
		C95E8F8B1C5C115F00C30E8E /* erska-salmon.png in Resources */ = {isa = PBXBuildFile; fileRef = C95E8F661C5C115F00C30E8E /* erska-salmon.png */; };
		C95E8F8C1C5C115F00C30E8E /* erska-teal.png in Resources */ = {isa = PBXBuildFile; fileRef = C95E8F671C5C115F00C30E8E /* erska-teal.png */; };
		C95E8F8D1C5C115F00C30E8E /* kallax-birch.png in Resources */ = {isa = PBXBuildFile; fileRef = C95E8F681C5C115F00C30E8E /* kallax-birch.png */; };
		C95E8F8E1C5C115F00C30E8E /* kallax-black.png in Resources */ = {isa = PBXBuildFile; fileRef = C95E8F691C5C115F00C30E8E /* kallax-black.png */; };
		C95E8F8F1C5C115F00C30E8E /* kallax-oak.png in Resources */ = {isa = PBXBuildFile; fileRef = C95E8F6A1C5C115F00C30E8E /* kallax-oak.png */; };
		C95E8F901C5C115F00C30E8E /* kallax-white.png in Resources */ = {isa = PBXBuildFile; fileRef = C95E8F6B1C5C115F00C30E8E /* kallax-white.png */; };
		C95E8F911C5C115F00C30E8E /* karlstad-magenta.png in Resources */ = {isa = PBXBuildFile; fileRef = C95E8F6C1C5C115F00C30E8E /* karlstad-magenta.png */; };
		C95E8F921C5C115F00C30E8E /* karlstad-orange.png in Resources */ = {isa = PBXBuildFile; fileRef = C95E8F6D1C5C115F00C30E8E /* karlstad-orange.png */; };
		C95E8F931C5C115F00C30E8E /* karlstad-turquoise.png in Resources */ = {isa = PBXBuildFile; fileRef = C95E8F6E1C5C115F00C30E8E /* karlstad-turquoise.png */; };
		C95E8F941C5C115F00C30E8E /* karlstad-white.png in Resources */ = {isa = PBXBuildFile; fileRef = C95E8F6F1C5C115F00C30E8E /* karlstad-white.png */; };
		C95E8F951C5C115F00C30E8E /* karlstad-yellow.png in Resources */ = {isa = PBXBuildFile; fileRef = C95E8F701C5C115F00C30E8E /* karlstad-yellow.png */; };
		C95E8F961C5C115F00C30E8E /* knislinge-black.png in Resources */ = {isa = PBXBuildFile; fileRef = C95E8F711C5C115F00C30E8E /* knislinge-black.png */; };
		C95E8F971C5C115F00C30E8E /* knislinge-gray.png in Resources */ = {isa = PBXBuildFile; fileRef = C95E8F721C5C115F00C30E8E /* knislinge-gray.png */; };
		C95E8F981C5C115F00C30E8E /* knislinge-green.png in Resources */ = {isa = PBXBuildFile; fileRef = C95E8F731C5C115F00C30E8E /* knislinge-green.png */; };
		C95E8F991C5C115F00C30E8E /* knislinge-red.png in Resources */ = {isa = PBXBuildFile; fileRef = C95E8F741C5C115F00C30E8E /* knislinge-red.png */; };
		C95E8F9A1C5C115F00C30E8E /* knislinge-teal.png in Resources */ = {isa = PBXBuildFile; fileRef = C95E8F751C5C115F00C30E8E /* knislinge-teal.png */; };
		C95E8F9B1C5C115F00C30E8E /* knopparp-blue.png in Resources */ = {isa = PBXBuildFile; fileRef = C95E8F761C5C115F00C30E8E /* knopparp-blue.png */; };
		C95E8F9C1C5C115F00C30E8E /* knopparp-green.png in Resources */ = {isa = PBXBuildFile; fileRef = C95E8F771C5C115F00C30E8E /* knopparp-green.png */; };
		C95E8F9D1C5C115F00C30E8E /* knopparp-pink.png in Resources */ = {isa = PBXBuildFile; fileRef = C95E8F781C5C115F00C30E8E /* knopparp-pink.png */; };
		C95E8F9E1C5C115F00C30E8E /* knopparp-yellow.png in Resources */ = {isa = PBXBuildFile; fileRef = C95E8F791C5C115F00C30E8E /* knopparp-yellow.png */; };
		C95E8FA01C6125AE00C30E8E /* CatalogController.swift in Sources */ = {isa = PBXBuildFile; fileRef = C95E8F9F1C6125AE00C30E8E /* CatalogController.swift */; };
		C95E8FA21C6129CB00C30E8E /* ThingCell.swift in Sources */ = {isa = PBXBuildFile; fileRef = C95E8FA11C6129CB00C30E8E /* ThingCell.swift */; };
		C95E8FA91C67F28E00C30E8E /* Interface.storyboard in Resources */ = {isa = PBXBuildFile; fileRef = C95E8FA71C67F28E00C30E8E /* Interface.storyboard */; };
		C95E8FAB1C67F28E00C30E8E /* Assets.xcassets in Resources */ = {isa = PBXBuildFile; fileRef = C95E8FAA1C67F28E00C30E8E /* Assets.xcassets */; };
		C95E8FB21C67F28E00C30E8E /* Things Extension.appex in Embed App Extensions */ = {isa = PBXBuildFile; fileRef = C95E8FB11C67F28E00C30E8E /* Things Extension.appex */; settings = {ATTRIBUTES = (RemoveHeadersOnCopy, ); }; };
		C95E8FB71C67F28E00C30E8E /* InterfaceController.swift in Sources */ = {isa = PBXBuildFile; fileRef = C95E8FB61C67F28E00C30E8E /* InterfaceController.swift */; };
		C95E8FB91C67F28E00C30E8E /* ExtensionDelegate.swift in Sources */ = {isa = PBXBuildFile; fileRef = C95E8FB81C67F28E00C30E8E /* ExtensionDelegate.swift */; };
		C95E8FBB1C67F28E00C30E8E /* Assets.xcassets in Resources */ = {isa = PBXBuildFile; fileRef = C95E8FBA1C67F28E00C30E8E /* Assets.xcassets */; };
		C95E8FBF1C67F28E00C30E8E /* Things.app in Embed Watch Content */ = {isa = PBXBuildFile; fileRef = C95E8FA51C67F28E00C30E8E /* Things.app */; };
		C95E8FC91C67F65D00C30E8E /* TableRow.swift in Sources */ = {isa = PBXBuildFile; fileRef = C95E8FC81C67F65D00C30E8E /* TableRow.swift */; };
		C95E8FD21C67F90D00C30E8E /* FlareModel.swift in Sources */ = {isa = PBXBuildFile; fileRef = C95E8FD11C67F90D00C30E8E /* FlareModel.swift */; };
		C95E8FD41C67F95B00C30E8E /* Extensions.swift in Sources */ = {isa = PBXBuildFile; fileRef = C95E8FD31C67F95B00C30E8E /* Extensions.swift */; };
		C98970751B81E90900DAB978 /* Flare.framework in Frameworks */ = {isa = PBXBuildFile; fileRef = C98970741B81E90900DAB978 /* Flare.framework */; };
		C98970771B81E91700DAB978 /* SocketIO.framework in Frameworks */ = {isa = PBXBuildFile; fileRef = C98970761B81E91700DAB978 /* SocketIO.framework */; };
		C98970791B81E93100DAB978 /* SocketIO.framework in CopyFiles */ = {isa = PBXBuildFile; fileRef = C98970761B81E91700DAB978 /* SocketIO.framework */; settings = {ATTRIBUTES = (CodeSignOnCopy, RemoveHeadersOnCopy, ); }; };
		C989707A1B81E93100DAB978 /* Flare.framework in CopyFiles */ = {isa = PBXBuildFile; fileRef = C98970741B81E90900DAB978 /* Flare.framework */; settings = {ATTRIBUTES = (CodeSignOnCopy, RemoveHeadersOnCopy, ); }; };
		C9D1AA431AC1F5850003B8A1 /* AppDelegate.swift in Sources */ = {isa = PBXBuildFile; fileRef = C9D1AA421AC1F5850003B8A1 /* AppDelegate.swift */; };
		C9D1AA451AC1F5850003B8A1 /* MapViewController.swift in Sources */ = {isa = PBXBuildFile; fileRef = C9D1AA441AC1F5850003B8A1 /* MapViewController.swift */; };
		C9D1AA481AC1F5850003B8A1 /* Main.storyboard in Resources */ = {isa = PBXBuildFile; fileRef = C9D1AA461AC1F5850003B8A1 /* Main.storyboard */; };
		C9D1AA4A1AC1F5850003B8A1 /* Images.xcassets in Resources */ = {isa = PBXBuildFile; fileRef = C9D1AA491AC1F5850003B8A1 /* Images.xcassets */; };
		C9D1AA4D1AC1F5850003B8A1 /* LaunchScreen.xib in Resources */ = {isa = PBXBuildFile; fileRef = C9D1AA4B1AC1F5850003B8A1 /* LaunchScreen.xib */; };
		C9D1AA631AC1F6F10003B8A1 /* CoreLocation.framework in Frameworks */ = {isa = PBXBuildFile; fileRef = C9D1AA621AC1F6F10003B8A1 /* CoreLocation.framework */; };
		C9D1AA651AC1FA100003B8A1 /* CoreBluetooth.framework in Frameworks */ = {isa = PBXBuildFile; fileRef = C9D1AA641AC1FA100003B8A1 /* CoreBluetooth.framework */; };
		C9D1AA7A1AC4575D0003B8A1 /* IndoorMap.swift in Sources */ = {isa = PBXBuildFile; fileRef = C9D1AA791AC4575D0003B8A1 /* IndoorMap.swift */; };
		C9D397671C18B3FD006E6343 /* Settings.bundle in Resources */ = {isa = PBXBuildFile; fileRef = C9C2DF131B98A334009E51AE /* Settings.bundle */; };
		C9D397691C18CEB8006E6343 /* CompassViewController.swift in Sources */ = {isa = PBXBuildFile; fileRef = C9D397681C18CEB8006E6343 /* CompassViewController.swift */; };
		C9D3976B1C18D424006E6343 /* NearbyThingController.swift in Sources */ = {isa = PBXBuildFile; fileRef = C9D3976A1C18D424006E6343 /* NearbyThingController.swift */; };
/* End PBXBuildFile section */

/* Begin PBXContainerItemProxy section */
		C95E8FB31C67F28E00C30E8E /* PBXContainerItemProxy */ = {
			isa = PBXContainerItemProxy;
			containerPortal = C9D1AA351AC1F5850003B8A1 /* Project object */;
			proxyType = 1;
			remoteGlobalIDString = C95E8FB01C67F28E00C30E8E;
			remoteInfo = "Things Extension";
		};
		C95E8FBD1C67F28E00C30E8E /* PBXContainerItemProxy */ = {
			isa = PBXContainerItemProxy;
			containerPortal = C9D1AA351AC1F5850003B8A1 /* Project object */;
			proxyType = 1;
			remoteGlobalIDString = C95E8FA41C67F28E00C30E8E;
			remoteInfo = Things;
		};
/* End PBXContainerItemProxy section */

/* Begin PBXCopyFilesBuildPhase section */
		C95E8FC31C67F28E00C30E8E /* Embed App Extensions */ = {
			isa = PBXCopyFilesBuildPhase;
			buildActionMask = 2147483647;
			dstPath = "";
			dstSubfolderSpec = 13;
			files = (
				C95E8FB21C67F28E00C30E8E /* Things Extension.appex in Embed App Extensions */,
			);
			name = "Embed App Extensions";
			runOnlyForDeploymentPostprocessing = 0;
		};
		C95E8FC71C67F28E00C30E8E /* Embed Watch Content */ = {
			isa = PBXCopyFilesBuildPhase;
			buildActionMask = 2147483647;
			dstPath = "$(CONTENTS_FOLDER_PATH)/Watch";
			dstSubfolderSpec = 16;
			files = (
				C95E8FBF1C67F28E00C30E8E /* Things.app in Embed Watch Content */,
			);
			name = "Embed Watch Content";
			runOnlyForDeploymentPostprocessing = 0;
		};
		C98970781B81E92B00DAB978 /* CopyFiles */ = {
			isa = PBXCopyFilesBuildPhase;
			buildActionMask = 2147483647;
			dstPath = "";
			dstSubfolderSpec = 10;
			files = (
				C98970791B81E93100DAB978 /* SocketIO.framework in CopyFiles */,
				C989707A1B81E93100DAB978 /* Flare.framework in CopyFiles */,
			);
			runOnlyForDeploymentPostprocessing = 0;
		};
/* End PBXCopyFilesBuildPhase section */

/* Begin PBXFileReference section */
		C9304B9B1C6811BF002FB638 /* DetailsController.swift */ = {isa = PBXFileReference; fileEncoding = 4; lastKnownFileType = sourcecode.swift; path = DetailsController.swift; sourceTree = "<group>"; };
		C94290E61C1B83A400FFAA84 /* ColorButton.swift */ = {isa = PBXFileReference; fileEncoding = 4; lastKnownFileType = sourcecode.swift; path = ColorButton.swift; sourceTree = "<group>"; };
		C95CEBF81C1209B100C3A226 /* CompassView.swift */ = {isa = PBXFileReference; fileEncoding = 4; lastKnownFileType = sourcecode.swift; path = CompassView.swift; sourceTree = "<group>"; };
		C95CEBFA1C163A1700C3A226 /* DeviceController.swift */ = {isa = PBXFileReference; fileEncoding = 4; lastKnownFileType = sourcecode.swift; path = DeviceController.swift; sourceTree = "<group>"; };
		C95E8F551C5C115F00C30E8E /* arholma-blue.png */ = {isa = PBXFileReference; lastKnownFileType = image.png; path = "arholma-blue.png"; sourceTree = "<group>"; };
		C95E8F561C5C115F00C30E8E /* arholma-green.png */ = {isa = PBXFileReference; lastKnownFileType = image.png; path = "arholma-green.png"; sourceTree = "<group>"; };
		C95E8F571C5C115F00C30E8E /* arholma-orange.png */ = {isa = PBXFileReference; lastKnownFileType = image.png; path = "arholma-orange.png"; sourceTree = "<group>"; };
		C95E8F581C5C115F00C30E8E /* arholma-red.png */ = {isa = PBXFileReference; lastKnownFileType = image.png; path = "arholma-red.png"; sourceTree = "<group>"; };
		C95E8F591C5C115F00C30E8E /* arholma-white.png */ = {isa = PBXFileReference; lastKnownFileType = image.png; path = "arholma-white.png"; sourceTree = "<group>"; };
		C95E8F5A1C5C115F00C30E8E /* coombe-black.png */ = {isa = PBXFileReference; lastKnownFileType = image.png; path = "coombe-black.png"; sourceTree = "<group>"; };
		C95E8F5B1C5C115F00C30E8E /* coombe-gray.png */ = {isa = PBXFileReference; lastKnownFileType = image.png; path = "coombe-gray.png"; sourceTree = "<group>"; };
		C95E8F5C1C5C115F00C30E8E /* coombe-lightgray.png */ = {isa = PBXFileReference; lastKnownFileType = image.png; path = "coombe-lightgray.png"; sourceTree = "<group>"; };
		C95E8F5D1C5C115F00C30E8E /* coombe-red.png */ = {isa = PBXFileReference; lastKnownFileType = image.png; path = "coombe-red.png"; sourceTree = "<group>"; };
		C95E8F5E1C5C115F00C30E8E /* coombe-yellow.png */ = {isa = PBXFileReference; lastKnownFileType = image.png; path = "coombe-yellow.png"; sourceTree = "<group>"; };
		C95E8F5F1C5C115F00C30E8E /* dagarn-green.png */ = {isa = PBXFileReference; lastKnownFileType = image.png; path = "dagarn-green.png"; sourceTree = "<group>"; };
		C95E8F601C5C115F00C30E8E /* dagarn-lightblue.png */ = {isa = PBXFileReference; lastKnownFileType = image.png; path = "dagarn-lightblue.png"; sourceTree = "<group>"; };
		C95E8F611C5C115F00C30E8E /* dagarn-purple.png */ = {isa = PBXFileReference; lastKnownFileType = image.png; path = "dagarn-purple.png"; sourceTree = "<group>"; };
		C95E8F621C5C115F00C30E8E /* dagarn-red.png */ = {isa = PBXFileReference; lastKnownFileType = image.png; path = "dagarn-red.png"; sourceTree = "<group>"; };
		C95E8F631C5C115F00C30E8E /* erska-orange.png */ = {isa = PBXFileReference; lastKnownFileType = image.png; path = "erska-orange.png"; sourceTree = "<group>"; };
		C95E8F641C5C115F00C30E8E /* erska-purple.png */ = {isa = PBXFileReference; lastKnownFileType = image.png; path = "erska-purple.png"; sourceTree = "<group>"; };
		C95E8F651C5C115F00C30E8E /* erska-red.png */ = {isa = PBXFileReference; lastKnownFileType = image.png; path = "erska-red.png"; sourceTree = "<group>"; };
		C95E8F661C5C115F00C30E8E /* erska-salmon.png */ = {isa = PBXFileReference; lastKnownFileType = image.png; path = "erska-salmon.png"; sourceTree = "<group>"; };
		C95E8F671C5C115F00C30E8E /* erska-teal.png */ = {isa = PBXFileReference; lastKnownFileType = image.png; path = "erska-teal.png"; sourceTree = "<group>"; };
		C95E8F681C5C115F00C30E8E /* kallax-birch.png */ = {isa = PBXFileReference; lastKnownFileType = image.png; path = "kallax-birch.png"; sourceTree = "<group>"; };
		C95E8F691C5C115F00C30E8E /* kallax-black.png */ = {isa = PBXFileReference; lastKnownFileType = image.png; path = "kallax-black.png"; sourceTree = "<group>"; };
		C95E8F6A1C5C115F00C30E8E /* kallax-oak.png */ = {isa = PBXFileReference; lastKnownFileType = image.png; path = "kallax-oak.png"; sourceTree = "<group>"; };
		C95E8F6B1C5C115F00C30E8E /* kallax-white.png */ = {isa = PBXFileReference; lastKnownFileType = image.png; path = "kallax-white.png"; sourceTree = "<group>"; };
		C95E8F6C1C5C115F00C30E8E /* karlstad-magenta.png */ = {isa = PBXFileReference; lastKnownFileType = image.png; path = "karlstad-magenta.png"; sourceTree = "<group>"; };
		C95E8F6D1C5C115F00C30E8E /* karlstad-orange.png */ = {isa = PBXFileReference; lastKnownFileType = image.png; path = "karlstad-orange.png"; sourceTree = "<group>"; };
		C95E8F6E1C5C115F00C30E8E /* karlstad-turquoise.png */ = {isa = PBXFileReference; lastKnownFileType = image.png; path = "karlstad-turquoise.png"; sourceTree = "<group>"; };
		C95E8F6F1C5C115F00C30E8E /* karlstad-white.png */ = {isa = PBXFileReference; lastKnownFileType = image.png; path = "karlstad-white.png"; sourceTree = "<group>"; };
		C95E8F701C5C115F00C30E8E /* karlstad-yellow.png */ = {isa = PBXFileReference; lastKnownFileType = image.png; path = "karlstad-yellow.png"; sourceTree = "<group>"; };
		C95E8F711C5C115F00C30E8E /* knislinge-black.png */ = {isa = PBXFileReference; lastKnownFileType = image.png; path = "knislinge-black.png"; sourceTree = "<group>"; };
		C95E8F721C5C115F00C30E8E /* knislinge-gray.png */ = {isa = PBXFileReference; lastKnownFileType = image.png; path = "knislinge-gray.png"; sourceTree = "<group>"; };
		C95E8F731C5C115F00C30E8E /* knislinge-green.png */ = {isa = PBXFileReference; lastKnownFileType = image.png; path = "knislinge-green.png"; sourceTree = "<group>"; };
		C95E8F741C5C115F00C30E8E /* knislinge-red.png */ = {isa = PBXFileReference; lastKnownFileType = image.png; path = "knislinge-red.png"; sourceTree = "<group>"; };
		C95E8F751C5C115F00C30E8E /* knislinge-teal.png */ = {isa = PBXFileReference; lastKnownFileType = image.png; path = "knislinge-teal.png"; sourceTree = "<group>"; };
		C95E8F761C5C115F00C30E8E /* knopparp-blue.png */ = {isa = PBXFileReference; lastKnownFileType = image.png; path = "knopparp-blue.png"; sourceTree = "<group>"; };
		C95E8F771C5C115F00C30E8E /* knopparp-green.png */ = {isa = PBXFileReference; lastKnownFileType = image.png; path = "knopparp-green.png"; sourceTree = "<group>"; };
		C95E8F781C5C115F00C30E8E /* knopparp-pink.png */ = {isa = PBXFileReference; lastKnownFileType = image.png; path = "knopparp-pink.png"; sourceTree = "<group>"; };
		C95E8F791C5C115F00C30E8E /* knopparp-yellow.png */ = {isa = PBXFileReference; lastKnownFileType = image.png; path = "knopparp-yellow.png"; sourceTree = "<group>"; };
		C95E8F9F1C6125AE00C30E8E /* CatalogController.swift */ = {isa = PBXFileReference; fileEncoding = 4; lastKnownFileType = sourcecode.swift; path = CatalogController.swift; sourceTree = "<group>"; };
		C95E8FA11C6129CB00C30E8E /* ThingCell.swift */ = {isa = PBXFileReference; fileEncoding = 4; lastKnownFileType = sourcecode.swift; path = ThingCell.swift; sourceTree = "<group>"; };
		C95E8FA51C67F28E00C30E8E /* Things.app */ = {isa = PBXFileReference; explicitFileType = wrapper.application; includeInIndex = 0; path = Things.app; sourceTree = BUILT_PRODUCTS_DIR; };
		C95E8FA81C67F28E00C30E8E /* Base */ = {isa = PBXFileReference; lastKnownFileType = file.storyboard; name = Base; path = Base.lproj/Interface.storyboard; sourceTree = "<group>"; };
		C95E8FAA1C67F28E00C30E8E /* Assets.xcassets */ = {isa = PBXFileReference; lastKnownFileType = folder.assetcatalog; path = Assets.xcassets; sourceTree = "<group>"; };
		C95E8FAC1C67F28E00C30E8E /* Info.plist */ = {isa = PBXFileReference; lastKnownFileType = text.plist.xml; path = Info.plist; sourceTree = "<group>"; };
		C95E8FB11C67F28E00C30E8E /* Things Extension.appex */ = {isa = PBXFileReference; explicitFileType = "wrapper.app-extension"; includeInIndex = 0; path = "Things Extension.appex"; sourceTree = BUILT_PRODUCTS_DIR; };
		C95E8FB61C67F28E00C30E8E /* InterfaceController.swift */ = {isa = PBXFileReference; lastKnownFileType = sourcecode.swift; path = InterfaceController.swift; sourceTree = "<group>"; };
		C95E8FB81C67F28E00C30E8E /* ExtensionDelegate.swift */ = {isa = PBXFileReference; lastKnownFileType = sourcecode.swift; path = ExtensionDelegate.swift; sourceTree = "<group>"; };
		C95E8FBA1C67F28E00C30E8E /* Assets.xcassets */ = {isa = PBXFileReference; lastKnownFileType = folder.assetcatalog; path = Assets.xcassets; sourceTree = "<group>"; };
		C95E8FBC1C67F28E00C30E8E /* Info.plist */ = {isa = PBXFileReference; lastKnownFileType = text.plist.xml; path = Info.plist; sourceTree = "<group>"; };
		C95E8FC81C67F65D00C30E8E /* TableRow.swift */ = {isa = PBXFileReference; fileEncoding = 4; lastKnownFileType = sourcecode.swift; path = TableRow.swift; sourceTree = "<group>"; };
		C95E8FD11C67F90D00C30E8E /* FlareModel.swift */ = {isa = PBXFileReference; fileEncoding = 4; lastKnownFileType = sourcecode.swift; name = FlareModel.swift; path = ../Things/FlareModel.swift; sourceTree = "<group>"; };
		C95E8FD31C67F95B00C30E8E /* Extensions.swift */ = {isa = PBXFileReference; fileEncoding = 4; lastKnownFileType = sourcecode.swift; path = Extensions.swift; sourceTree = "<group>"; };
		C98970741B81E90900DAB978 /* Flare.framework */ = {isa = PBXFileReference; lastKnownFileType = wrapper.framework; name = Flare.framework; path = "../../Flare/Output/Release-iphoneos/Flare.framework"; sourceTree = "<group>"; };
		C98970761B81E91700DAB978 /* SocketIO.framework */ = {isa = PBXFileReference; lastKnownFileType = wrapper.framework; name = SocketIO.framework; path = "../../SocketIO/Output/Release-iphoneos/SocketIO.framework"; sourceTree = "<group>"; };
		C9C2DF131B98A334009E51AE /* Settings.bundle */ = {isa = PBXFileReference; lastKnownFileType = "wrapper.plug-in"; path = Settings.bundle; sourceTree = "<group>"; };
		C9D1AA3D1AC1F5850003B8A1 /* Trilateral.app */ = {isa = PBXFileReference; explicitFileType = wrapper.application; includeInIndex = 0; path = Trilateral.app; sourceTree = BUILT_PRODUCTS_DIR; };
		C9D1AA411AC1F5850003B8A1 /* Info.plist */ = {isa = PBXFileReference; lastKnownFileType = text.plist.xml; path = Info.plist; sourceTree = "<group>"; };
		C9D1AA421AC1F5850003B8A1 /* AppDelegate.swift */ = {isa = PBXFileReference; lastKnownFileType = sourcecode.swift; path = AppDelegate.swift; sourceTree = "<group>"; };
		C9D1AA441AC1F5850003B8A1 /* MapViewController.swift */ = {isa = PBXFileReference; lastKnownFileType = sourcecode.swift; path = MapViewController.swift; sourceTree = "<group>"; };
		C9D1AA471AC1F5850003B8A1 /* Base */ = {isa = PBXFileReference; lastKnownFileType = file.storyboard; name = Base; path = Base.lproj/Main.storyboard; sourceTree = "<group>"; };
		C9D1AA491AC1F5850003B8A1 /* Images.xcassets */ = {isa = PBXFileReference; lastKnownFileType = folder.assetcatalog; path = Images.xcassets; sourceTree = "<group>"; };
		C9D1AA4C1AC1F5850003B8A1 /* Base */ = {isa = PBXFileReference; lastKnownFileType = file.xib; name = Base; path = Base.lproj/LaunchScreen.xib; sourceTree = "<group>"; };
		C9D1AA621AC1F6F10003B8A1 /* CoreLocation.framework */ = {isa = PBXFileReference; lastKnownFileType = wrapper.framework; name = CoreLocation.framework; path = System/Library/Frameworks/CoreLocation.framework; sourceTree = SDKROOT; };
		C9D1AA641AC1FA100003B8A1 /* CoreBluetooth.framework */ = {isa = PBXFileReference; lastKnownFileType = wrapper.framework; name = CoreBluetooth.framework; path = System/Library/Frameworks/CoreBluetooth.framework; sourceTree = SDKROOT; };
		C9D1AA791AC4575D0003B8A1 /* IndoorMap.swift */ = {isa = PBXFileReference; fileEncoding = 4; lastKnownFileType = sourcecode.swift; path = IndoorMap.swift; sourceTree = "<group>"; };
		C9D397681C18CEB8006E6343 /* CompassViewController.swift */ = {isa = PBXFileReference; fileEncoding = 4; lastKnownFileType = sourcecode.swift; path = CompassViewController.swift; sourceTree = "<group>"; };
		C9D3976A1C18D424006E6343 /* NearbyThingController.swift */ = {isa = PBXFileReference; fileEncoding = 4; lastKnownFileType = sourcecode.swift; path = NearbyThingController.swift; sourceTree = "<group>"; };
/* End PBXFileReference section */

/* Begin PBXFrameworksBuildPhase section */
		C95E8FAE1C67F28E00C30E8E /* Frameworks */ = {
			isa = PBXFrameworksBuildPhase;
			buildActionMask = 2147483647;
			files = (
			);
			runOnlyForDeploymentPostprocessing = 0;
		};
		C9D1AA3A1AC1F5850003B8A1 /* Frameworks */ = {
			isa = PBXFrameworksBuildPhase;
			buildActionMask = 2147483647;
			files = (
				C9D1AA651AC1FA100003B8A1 /* CoreBluetooth.framework in Frameworks */,
				C98970751B81E90900DAB978 /* Flare.framework in Frameworks */,
				C9D1AA631AC1F6F10003B8A1 /* CoreLocation.framework in Frameworks */,
				C98970771B81E91700DAB978 /* SocketIO.framework in Frameworks */,
			);
			runOnlyForDeploymentPostprocessing = 0;
		};
/* End PBXFrameworksBuildPhase section */

/* Begin PBXGroup section */
		C95E8F541C5C115F00C30E8E /* Images */ = {
			isa = PBXGroup;
			children = (
				C95E8F551C5C115F00C30E8E /* arholma-blue.png */,
				C95E8F561C5C115F00C30E8E /* arholma-green.png */,
				C95E8F571C5C115F00C30E8E /* arholma-orange.png */,
				C95E8F581C5C115F00C30E8E /* arholma-red.png */,
				C95E8F591C5C115F00C30E8E /* arholma-white.png */,
				C95E8F5A1C5C115F00C30E8E /* coombe-black.png */,
				C95E8F5B1C5C115F00C30E8E /* coombe-gray.png */,
				C95E8F5C1C5C115F00C30E8E /* coombe-lightgray.png */,
				C95E8F5D1C5C115F00C30E8E /* coombe-red.png */,
				C95E8F5E1C5C115F00C30E8E /* coombe-yellow.png */,
				C95E8F5F1C5C115F00C30E8E /* dagarn-green.png */,
				C95E8F601C5C115F00C30E8E /* dagarn-lightblue.png */,
				C95E8F611C5C115F00C30E8E /* dagarn-purple.png */,
				C95E8F621C5C115F00C30E8E /* dagarn-red.png */,
				C95E8F631C5C115F00C30E8E /* erska-orange.png */,
				C95E8F641C5C115F00C30E8E /* erska-purple.png */,
				C95E8F651C5C115F00C30E8E /* erska-red.png */,
				C95E8F661C5C115F00C30E8E /* erska-salmon.png */,
				C95E8F671C5C115F00C30E8E /* erska-teal.png */,
				C95E8F681C5C115F00C30E8E /* kallax-birch.png */,
				C95E8F691C5C115F00C30E8E /* kallax-black.png */,
				C95E8F6A1C5C115F00C30E8E /* kallax-oak.png */,
				C95E8F6B1C5C115F00C30E8E /* kallax-white.png */,
				C95E8F6C1C5C115F00C30E8E /* karlstad-magenta.png */,
				C95E8F6D1C5C115F00C30E8E /* karlstad-orange.png */,
				C95E8F6E1C5C115F00C30E8E /* karlstad-turquoise.png */,
				C95E8F6F1C5C115F00C30E8E /* karlstad-white.png */,
				C95E8F701C5C115F00C30E8E /* karlstad-yellow.png */,
				C95E8F711C5C115F00C30E8E /* knislinge-black.png */,
				C95E8F721C5C115F00C30E8E /* knislinge-gray.png */,
				C95E8F731C5C115F00C30E8E /* knislinge-green.png */,
				C95E8F741C5C115F00C30E8E /* knislinge-red.png */,
				C95E8F751C5C115F00C30E8E /* knislinge-teal.png */,
				C95E8F761C5C115F00C30E8E /* knopparp-blue.png */,
				C95E8F771C5C115F00C30E8E /* knopparp-green.png */,
				C95E8F781C5C115F00C30E8E /* knopparp-pink.png */,
				C95E8F791C5C115F00C30E8E /* knopparp-yellow.png */,
			);
			name = Images;
			path = images;
			sourceTree = "<group>";
		};
		C95E8FA61C67F28E00C30E8E /* Things */ = {
			isa = PBXGroup;
			children = (
				C95E8FD01C67F8EB00C30E8E /* Model */,
				C95E8FA71C67F28E00C30E8E /* Interface.storyboard */,
				C95E8FAA1C67F28E00C30E8E /* Assets.xcassets */,
				C95E8FAC1C67F28E00C30E8E /* Info.plist */,
			);
			path = Things;
			sourceTree = "<group>";
		};
		C95E8FB51C67F28E00C30E8E /* Things Extension */ = {
			isa = PBXGroup;
			children = (
				C95E8FB61C67F28E00C30E8E /* InterfaceController.swift */,
				C9304B9B1C6811BF002FB638 /* DetailsController.swift */,
				C95E8FD11C67F90D00C30E8E /* FlareModel.swift */,
				C95E8FD31C67F95B00C30E8E /* Extensions.swift */,
				C95E8FB81C67F28E00C30E8E /* ExtensionDelegate.swift */,
				C95E8FBA1C67F28E00C30E8E /* Assets.xcassets */,
				C95E8FBC1C67F28E00C30E8E /* Info.plist */,
				C95E8FC81C67F65D00C30E8E /* TableRow.swift */,
			);
			path = "Things Extension";
			sourceTree = "<group>";
		};
		C95E8FD01C67F8EB00C30E8E /* Model */ = {
			isa = PBXGroup;
			children = (
			);
			name = Model;
			sourceTree = "<group>";
		};
		C9887ECE1C18EEDB008FBD21 /* View Controllers */ = {
			isa = PBXGroup;
			children = (
				C95CEBFA1C163A1700C3A226 /* DeviceController.swift */,
				C9D1AA441AC1F5850003B8A1 /* MapViewController.swift */,
				C9D397681C18CEB8006E6343 /* CompassViewController.swift */,
				C9D3976A1C18D424006E6343 /* NearbyThingController.swift */,
				C95E8F9F1C6125AE00C30E8E /* CatalogController.swift */,
			);
			name = "View Controllers";
			sourceTree = "<group>";
		};
		C9887ECF1C18EEE4008FBD21 /* Views */ = {
			isa = PBXGroup;
			children = (
				C9D1AA791AC4575D0003B8A1 /* IndoorMap.swift */,
				C95CEBF81C1209B100C3A226 /* CompassView.swift */,
				C94290E61C1B83A400FFAA84 /* ColorButton.swift */,
				C95E8FA11C6129CB00C30E8E /* ThingCell.swift */,
			);
			name = Views;
			sourceTree = "<group>";
		};
		C9D1AA341AC1F5850003B8A1 = {
			isa = PBXGroup;
			children = (
				C9D1AA3F1AC1F5850003B8A1 /* Trilateral */,
				C95E8FA61C67F28E00C30E8E /* Things */,
				C95E8FB51C67F28E00C30E8E /* Things Extension */,
				C9D1AA3E1AC1F5850003B8A1 /* Products */,
			);
			sourceTree = "<group>";
		};
		C9D1AA3E1AC1F5850003B8A1 /* Products */ = {
			isa = PBXGroup;
			children = (
				C9D1AA3D1AC1F5850003B8A1 /* Trilateral.app */,
				C95E8FA51C67F28E00C30E8E /* Things.app */,
				C95E8FB11C67F28E00C30E8E /* Things Extension.appex */,
			);
			name = Products;
			sourceTree = "<group>";
		};
		C9D1AA3F1AC1F5850003B8A1 /* Trilateral */ = {
			isa = PBXGroup;
			children = (
				C9D1AA421AC1F5850003B8A1 /* AppDelegate.swift */,
				C9887ECE1C18EEDB008FBD21 /* View Controllers */,
				C9887ECF1C18EEE4008FBD21 /* Views */,
				C9D1AA461AC1F5850003B8A1 /* Main.storyboard */,
				C95E8F541C5C115F00C30E8E /* Images */,
				C9D1AA491AC1F5850003B8A1 /* Images.xcassets */,
				C9D1AA4B1AC1F5850003B8A1 /* LaunchScreen.xib */,
				C9C2DF131B98A334009E51AE /* Settings.bundle */,
				C9D1AA661AC1FA190003B8A1 /* Frameworks */,
				C9D1AA401AC1F5850003B8A1 /* Supporting Files */,
			);
			path = Trilateral;
			sourceTree = "<group>";
		};
		C9D1AA401AC1F5850003B8A1 /* Supporting Files */ = {
			isa = PBXGroup;
			children = (
				C9D1AA411AC1F5850003B8A1 /* Info.plist */,
			);
			name = "Supporting Files";
			sourceTree = "<group>";
		};
		C9D1AA661AC1FA190003B8A1 /* Frameworks */ = {
			isa = PBXGroup;
			children = (
				C98970761B81E91700DAB978 /* SocketIO.framework */,
				C98970741B81E90900DAB978 /* Flare.framework */,
				C9D1AA641AC1FA100003B8A1 /* CoreBluetooth.framework */,
				C9D1AA621AC1F6F10003B8A1 /* CoreLocation.framework */,
			);
			name = Frameworks;
			sourceTree = "<group>";
		};
/* End PBXGroup section */

/* Begin PBXNativeTarget section */
		C95E8FA41C67F28E00C30E8E /* Things */ = {
			isa = PBXNativeTarget;
			buildConfigurationList = C95E8FC41C67F28E00C30E8E /* Build configuration list for PBXNativeTarget "Things" */;
			buildPhases = (
				C95E8FA31C67F28E00C30E8E /* Resources */,
				C95E8FC31C67F28E00C30E8E /* Embed App Extensions */,
			);
			buildRules = (
			);
			dependencies = (
				C95E8FB41C67F28E00C30E8E /* PBXTargetDependency */,
			);
			name = Things;
			productName = Things;
			productReference = C95E8FA51C67F28E00C30E8E /* Things.app */;
			productType = "com.apple.product-type.application.watchapp2";
		};
		C95E8FB01C67F28E00C30E8E /* Things Extension */ = {
			isa = PBXNativeTarget;
			buildConfigurationList = C95E8FC01C67F28E00C30E8E /* Build configuration list for PBXNativeTarget "Things Extension" */;
			buildPhases = (
				C95E8FAD1C67F28E00C30E8E /* Sources */,
				C95E8FAE1C67F28E00C30E8E /* Frameworks */,
				C95E8FAF1C67F28E00C30E8E /* Resources */,
			);
			buildRules = (
			);
			dependencies = (
			);
			name = "Things Extension";
			productName = "Things Extension";
			productReference = C95E8FB11C67F28E00C30E8E /* Things Extension.appex */;
			productType = "com.apple.product-type.watchkit2-extension";
		};
		C9D1AA3C1AC1F5850003B8A1 /* Trilateral */ = {
			isa = PBXNativeTarget;
			buildConfigurationList = C9D1AA5C1AC1F5860003B8A1 /* Build configuration list for PBXNativeTarget "Trilateral" */;
			buildPhases = (
				C9D1AA391AC1F5850003B8A1 /* Sources */,
				C9D1AA3A1AC1F5850003B8A1 /* Frameworks */,
				C9D1AA3B1AC1F5850003B8A1 /* Resources */,
				C98970781B81E92B00DAB978 /* CopyFiles */,
				C95E8FC71C67F28E00C30E8E /* Embed Watch Content */,
			);
			buildRules = (
			);
			dependencies = (
				C95E8FBE1C67F28E00C30E8E /* PBXTargetDependency */,
			);
			name = Trilateral;
			productName = Trilateral;
			productReference = C9D1AA3D1AC1F5850003B8A1 /* Trilateral.app */;
			productType = "com.apple.product-type.application";
		};
/* End PBXNativeTarget section */

/* Begin PBXProject section */
		C9D1AA351AC1F5850003B8A1 /* Project object */ = {
			isa = PBXProject;
			attributes = {
				LastSwiftMigration = 0710;
				LastSwiftUpdateCheck = 0720;
				LastUpgradeCheck = 0710;
				ORGANIZATIONNAME = Cisco;
				TargetAttributes = {
					C95E8FA41C67F28E00C30E8E = {
						CreatedOnToolsVersion = 7.2;
						DevelopmentTeam = UN88H9QU8J;
					};
					C95E8FB01C67F28E00C30E8E = {
						CreatedOnToolsVersion = 7.2;
					};
					C9D1AA3C1AC1F5850003B8A1 = {
						CreatedOnToolsVersion = 6.2;
						DevelopmentTeam = UN88H9QU8J;
					};
				};
			};
			buildConfigurationList = C9D1AA381AC1F5850003B8A1 /* Build configuration list for PBXProject "Trilateral" */;
			compatibilityVersion = "Xcode 3.2";
			developmentRegion = English;
			hasScannedForEncodings = 0;
			knownRegions = (
				en,
				Base,
			);
			mainGroup = C9D1AA341AC1F5850003B8A1;
			productRefGroup = C9D1AA3E1AC1F5850003B8A1 /* Products */;
			projectDirPath = "";
			projectRoot = "";
			targets = (
				C9D1AA3C1AC1F5850003B8A1 /* Trilateral */,
				C95E8FA41C67F28E00C30E8E /* Things */,
				C95E8FB01C67F28E00C30E8E /* Things Extension */,
			);
		};
/* End PBXProject section */

/* Begin PBXResourcesBuildPhase section */
		C95E8FA31C67F28E00C30E8E /* Resources */ = {
			isa = PBXResourcesBuildPhase;
			buildActionMask = 2147483647;
			files = (
				C95E8FAB1C67F28E00C30E8E /* Assets.xcassets in Resources */,
				C95E8FA91C67F28E00C30E8E /* Interface.storyboard in Resources */,
			);
			runOnlyForDeploymentPostprocessing = 0;
		};
		C95E8FAF1C67F28E00C30E8E /* Resources */ = {
			isa = PBXResourcesBuildPhase;
			buildActionMask = 2147483647;
			files = (
				C95E8FBB1C67F28E00C30E8E /* Assets.xcassets in Resources */,
			);
			runOnlyForDeploymentPostprocessing = 0;
		};
		C9D1AA3B1AC1F5850003B8A1 /* Resources */ = {
			isa = PBXResourcesBuildPhase;
			buildActionMask = 2147483647;
			files = (
				C95E8F901C5C115F00C30E8E /* kallax-white.png in Resources */,
				C95E8F8B1C5C115F00C30E8E /* erska-salmon.png in Resources */,
				C95E8F921C5C115F00C30E8E /* karlstad-orange.png in Resources */,
				C95E8F7C1C5C115F00C30E8E /* arholma-orange.png in Resources */,
				C95E8F9B1C5C115F00C30E8E /* knopparp-blue.png in Resources */,
				C95E8F981C5C115F00C30E8E /* knislinge-green.png in Resources */,
				C95E8F9D1C5C115F00C30E8E /* knopparp-pink.png in Resources */,
				C95E8F851C5C115F00C30E8E /* dagarn-lightblue.png in Resources */,
				C95E8F951C5C115F00C30E8E /* karlstad-yellow.png in Resources */,
				C95E8F881C5C115F00C30E8E /* erska-orange.png in Resources */,
				C9D397671C18B3FD006E6343 /* Settings.bundle in Resources */,
				C95E8F8D1C5C115F00C30E8E /* kallax-birch.png in Resources */,
				C9D1AA481AC1F5850003B8A1 /* Main.storyboard in Resources */,
				C95E8F9E1C5C115F00C30E8E /* knopparp-yellow.png in Resources */,
				C95E8F9A1C5C115F00C30E8E /* knislinge-teal.png in Resources */,
				C95E8F8C1C5C115F00C30E8E /* erska-teal.png in Resources */,
				C9D1AA4D1AC1F5850003B8A1 /* LaunchScreen.xib in Resources */,
				C95E8F831C5C115F00C30E8E /* coombe-yellow.png in Resources */,
				C95E8F811C5C115F00C30E8E /* coombe-lightgray.png in Resources */,
				C95E8F801C5C115F00C30E8E /* coombe-gray.png in Resources */,
				C95E8F9C1C5C115F00C30E8E /* knopparp-green.png in Resources */,
				C95E8F8F1C5C115F00C30E8E /* kallax-oak.png in Resources */,
				C95E8F7A1C5C115F00C30E8E /* arholma-blue.png in Resources */,
				C95E8F891C5C115F00C30E8E /* erska-purple.png in Resources */,
				C95E8F841C5C115F00C30E8E /* dagarn-green.png in Resources */,
				C95E8F7E1C5C115F00C30E8E /* arholma-white.png in Resources */,
				C95E8F941C5C115F00C30E8E /* karlstad-white.png in Resources */,
				C95E8F861C5C115F00C30E8E /* dagarn-purple.png in Resources */,
				C95E8F871C5C115F00C30E8E /* dagarn-red.png in Resources */,
				C95E8F961C5C115F00C30E8E /* knislinge-black.png in Resources */,
				C95E8F7B1C5C115F00C30E8E /* arholma-green.png in Resources */,
				C95E8F971C5C115F00C30E8E /* knislinge-gray.png in Resources */,
				C95E8F8A1C5C115F00C30E8E /* erska-red.png in Resources */,
				C95E8F991C5C115F00C30E8E /* knislinge-red.png in Resources */,
				C95E8F7D1C5C115F00C30E8E /* arholma-red.png in Resources */,
				C95E8F7F1C5C115F00C30E8E /* coombe-black.png in Resources */,
				C95E8F931C5C115F00C30E8E /* karlstad-turquoise.png in Resources */,
				C95E8F8E1C5C115F00C30E8E /* kallax-black.png in Resources */,
				C9D1AA4A1AC1F5850003B8A1 /* Images.xcassets in Resources */,
				C95E8F821C5C115F00C30E8E /* coombe-red.png in Resources */,
				C95E8F911C5C115F00C30E8E /* karlstad-magenta.png in Resources */,
			);
			runOnlyForDeploymentPostprocessing = 0;
		};
/* End PBXResourcesBuildPhase section */

/* Begin PBXSourcesBuildPhase section */
		C95E8FAD1C67F28E00C30E8E /* Sources */ = {
			isa = PBXSourcesBuildPhase;
			buildActionMask = 2147483647;
			files = (
				C95E8FD41C67F95B00C30E8E /* Extensions.swift in Sources */,
				C95E8FB91C67F28E00C30E8E /* ExtensionDelegate.swift in Sources */,
				C95E8FB71C67F28E00C30E8E /* InterfaceController.swift in Sources */,
				C95E8FD21C67F90D00C30E8E /* FlareModel.swift in Sources */,
				C9304B9C1C6811BF002FB638 /* DetailsController.swift in Sources */,
				C95E8FC91C67F65D00C30E8E /* TableRow.swift in Sources */,
			);
			runOnlyForDeploymentPostprocessing = 0;
		};
		C9D1AA391AC1F5850003B8A1 /* Sources */ = {
			isa = PBXSourcesBuildPhase;
			buildActionMask = 2147483647;
			files = (
				C9D1AA7A1AC4575D0003B8A1 /* IndoorMap.swift in Sources */,
				C95CEBF91C1209B100C3A226 /* CompassView.swift in Sources */,
				C95CEBFB1C163A1700C3A226 /* DeviceController.swift in Sources */,
				C9D397691C18CEB8006E6343 /* CompassViewController.swift in Sources */,
				C9D1AA451AC1F5850003B8A1 /* MapViewController.swift in Sources */,
				C9D1AA431AC1F5850003B8A1 /* AppDelegate.swift in Sources */,
				C95E8FA21C6129CB00C30E8E /* ThingCell.swift in Sources */,
				C95E8FA01C6125AE00C30E8E /* CatalogController.swift in Sources */,
				C9D3976B1C18D424006E6343 /* NearbyThingController.swift in Sources */,
				C94290E71C1B83A400FFAA84 /* ColorButton.swift in Sources */,
			);
			runOnlyForDeploymentPostprocessing = 0;
		};
/* End PBXSourcesBuildPhase section */

/* Begin PBXTargetDependency section */
		C95E8FB41C67F28E00C30E8E /* PBXTargetDependency */ = {
			isa = PBXTargetDependency;
			target = C95E8FB01C67F28E00C30E8E /* Things Extension */;
			targetProxy = C95E8FB31C67F28E00C30E8E /* PBXContainerItemProxy */;
		};
		C95E8FBE1C67F28E00C30E8E /* PBXTargetDependency */ = {
			isa = PBXTargetDependency;
			target = C95E8FA41C67F28E00C30E8E /* Things */;
			targetProxy = C95E8FBD1C67F28E00C30E8E /* PBXContainerItemProxy */;
		};
/* End PBXTargetDependency section */

/* Begin PBXVariantGroup section */
		C95E8FA71C67F28E00C30E8E /* Interface.storyboard */ = {
			isa = PBXVariantGroup;
			children = (
				C95E8FA81C67F28E00C30E8E /* Base */,
			);
			name = Interface.storyboard;
			sourceTree = "<group>";
		};
		C9D1AA461AC1F5850003B8A1 /* Main.storyboard */ = {
			isa = PBXVariantGroup;
			children = (
				C9D1AA471AC1F5850003B8A1 /* Base */,
			);
			name = Main.storyboard;
			sourceTree = "<group>";
		};
		C9D1AA4B1AC1F5850003B8A1 /* LaunchScreen.xib */ = {
			isa = PBXVariantGroup;
			children = (
				C9D1AA4C1AC1F5850003B8A1 /* Base */,
			);
			name = LaunchScreen.xib;
			sourceTree = "<group>";
		};
/* End PBXVariantGroup section */

/* Begin XCBuildConfiguration section */
		C95E8FC11C67F28E00C30E8E /* Debug */ = {
			isa = XCBuildConfiguration;
			buildSettings = {
				DEBUG_INFORMATION_FORMAT = dwarf;
				GCC_NO_COMMON_BLOCKS = YES;
				INFOPLIST_FILE = "Things Extension/Info.plist";
				LD_RUNPATH_SEARCH_PATHS = "$(inherited) @executable_path/Frameworks @executable_path/../../Frameworks";
				PRODUCT_BUNDLE_IDENTIFIER = com.cisco.flare.Trilateral.watchkitapp.watchkitextension;
				PRODUCT_NAME = "${TARGET_NAME}";
				SDKROOT = watchos;
				SKIP_INSTALL = YES;
				TARGETED_DEVICE_FAMILY = 4;
				WATCHOS_DEPLOYMENT_TARGET = 2.1;
			};
			name = Debug;
		};
		C95E8FC21C67F28E00C30E8E /* Release */ = {
			isa = XCBuildConfiguration;
			buildSettings = {
				DEBUG_INFORMATION_FORMAT = "dwarf-with-dsym";
				GCC_NO_COMMON_BLOCKS = YES;
				INFOPLIST_FILE = "Things Extension/Info.plist";
				LD_RUNPATH_SEARCH_PATHS = "$(inherited) @executable_path/Frameworks @executable_path/../../Frameworks";
				PRODUCT_BUNDLE_IDENTIFIER = com.cisco.flare.Trilateral.watchkitapp.watchkitextension;
				PRODUCT_NAME = "${TARGET_NAME}";
				SDKROOT = watchos;
				SKIP_INSTALL = YES;
				TARGETED_DEVICE_FAMILY = 4;
				WATCHOS_DEPLOYMENT_TARGET = 2.1;
			};
			name = Release;
		};
		C95E8FC51C67F28E00C30E8E /* Debug */ = {
			isa = XCBuildConfiguration;
			buildSettings = {
				ASSETCATALOG_COMPILER_APPICON_NAME = AppIcon;
				CODE_SIGN_IDENTITY = "iPhone Developer";
				DEBUG_INFORMATION_FORMAT = dwarf;
				EMBEDDED_CONTENT_CONTAINS_SWIFT = YES;
				GCC_NO_COMMON_BLOCKS = YES;
				IBSC_MODULE = Things_Extension;
				INFOPLIST_FILE = Things/Info.plist;
				PRODUCT_BUNDLE_IDENTIFIER = com.cisco.flare.Trilateral.watchkitapp;
				PRODUCT_NAME = "$(TARGET_NAME)";
				SDKROOT = watchos;
				SKIP_INSTALL = YES;
				TARGETED_DEVICE_FAMILY = 4;
				WATCHOS_DEPLOYMENT_TARGET = 2.1;
			};
			name = Debug;
		};
		C95E8FC61C67F28E00C30E8E /* Release */ = {
			isa = XCBuildConfiguration;
			buildSettings = {
				ASSETCATALOG_COMPILER_APPICON_NAME = AppIcon;
				CODE_SIGN_IDENTITY = "iPhone Developer";
				DEBUG_INFORMATION_FORMAT = "dwarf-with-dsym";
				EMBEDDED_CONTENT_CONTAINS_SWIFT = YES;
				GCC_NO_COMMON_BLOCKS = YES;
				IBSC_MODULE = Things_Extension;
				INFOPLIST_FILE = Things/Info.plist;
				PRODUCT_BUNDLE_IDENTIFIER = com.cisco.flare.Trilateral.watchkitapp;
				PRODUCT_NAME = "$(TARGET_NAME)";
				SDKROOT = watchos;
				SKIP_INSTALL = YES;
				TARGETED_DEVICE_FAMILY = 4;
				WATCHOS_DEPLOYMENT_TARGET = 2.1;
			};
			name = Release;
		};
		C9D1AA5A1AC1F5860003B8A1 /* Debug */ = {
			isa = XCBuildConfiguration;
			buildSettings = {
				ALWAYS_SEARCH_USER_PATHS = NO;
				CLANG_CXX_LANGUAGE_STANDARD = "gnu++0x";
				CLANG_CXX_LIBRARY = "libc++";
				CLANG_ENABLE_MODULES = YES;
				CLANG_ENABLE_OBJC_ARC = YES;
				CLANG_WARN_BOOL_CONVERSION = YES;
				CLANG_WARN_CONSTANT_CONVERSION = YES;
				CLANG_WARN_DIRECT_OBJC_ISA_USAGE = YES_ERROR;
				CLANG_WARN_EMPTY_BODY = YES;
				CLANG_WARN_ENUM_CONVERSION = YES;
				CLANG_WARN_INT_CONVERSION = YES;
				CLANG_WARN_OBJC_ROOT_CLASS = YES_ERROR;
				CLANG_WARN_UNREACHABLE_CODE = YES;
				CLANG_WARN__DUPLICATE_METHOD_MATCH = YES;
				"CODE_SIGN_IDENTITY[sdk=iphoneos*]" = "iPhone Developer";
				COPY_PHASE_STRIP = NO;
				ENABLE_STRICT_OBJC_MSGSEND = YES;
				ENABLE_TESTABILITY = YES;
				GCC_C_LANGUAGE_STANDARD = gnu99;
				GCC_DYNAMIC_NO_PIC = NO;
				GCC_OPTIMIZATION_LEVEL = 0;
				GCC_PREPROCESSOR_DEFINITIONS = (
					"DEBUG=1",
					"$(inherited)",
				);
				GCC_SYMBOLS_PRIVATE_EXTERN = NO;
				GCC_WARN_64_TO_32_BIT_CONVERSION = YES;
				GCC_WARN_ABOUT_RETURN_TYPE = YES_ERROR;
				GCC_WARN_UNDECLARED_SELECTOR = YES;
				GCC_WARN_UNINITIALIZED_AUTOS = YES_AGGRESSIVE;
				GCC_WARN_UNUSED_FUNCTION = YES;
				GCC_WARN_UNUSED_VARIABLE = YES;
				IPHONEOS_DEPLOYMENT_TARGET = 8.2;
				MTL_ENABLE_DEBUG_INFO = YES;
				ONLY_ACTIVE_ARCH = YES;
				SDKROOT = iphoneos;
				SWIFT_OPTIMIZATION_LEVEL = "-Onone";
				TARGETED_DEVICE_FAMILY = "1,2";
			};
			name = Debug;
		};
		C9D1AA5B1AC1F5860003B8A1 /* Release */ = {
			isa = XCBuildConfiguration;
			buildSettings = {
				ALWAYS_SEARCH_USER_PATHS = NO;
				CLANG_CXX_LANGUAGE_STANDARD = "gnu++0x";
				CLANG_CXX_LIBRARY = "libc++";
				CLANG_ENABLE_MODULES = YES;
				CLANG_ENABLE_OBJC_ARC = YES;
				CLANG_WARN_BOOL_CONVERSION = YES;
				CLANG_WARN_CONSTANT_CONVERSION = YES;
				CLANG_WARN_DIRECT_OBJC_ISA_USAGE = YES_ERROR;
				CLANG_WARN_EMPTY_BODY = YES;
				CLANG_WARN_ENUM_CONVERSION = YES;
				CLANG_WARN_INT_CONVERSION = YES;
				CLANG_WARN_OBJC_ROOT_CLASS = YES_ERROR;
				CLANG_WARN_UNREACHABLE_CODE = YES;
				CLANG_WARN__DUPLICATE_METHOD_MATCH = YES;
				"CODE_SIGN_IDENTITY[sdk=iphoneos*]" = "iPhone Developer";
				COPY_PHASE_STRIP = NO;
				ENABLE_NS_ASSERTIONS = NO;
				ENABLE_STRICT_OBJC_MSGSEND = YES;
				GCC_C_LANGUAGE_STANDARD = gnu99;
				GCC_WARN_64_TO_32_BIT_CONVERSION = YES;
				GCC_WARN_ABOUT_RETURN_TYPE = YES_ERROR;
				GCC_WARN_UNDECLARED_SELECTOR = YES;
				GCC_WARN_UNINITIALIZED_AUTOS = YES_AGGRESSIVE;
				GCC_WARN_UNUSED_FUNCTION = YES;
				GCC_WARN_UNUSED_VARIABLE = YES;
				IPHONEOS_DEPLOYMENT_TARGET = 8.2;
				MTL_ENABLE_DEBUG_INFO = NO;
				SDKROOT = iphoneos;
				TARGETED_DEVICE_FAMILY = "1,2";
				VALIDATE_PRODUCT = YES;
			};
			name = Release;
		};
		C9D1AA5D1AC1F5860003B8A1 /* Debug */ = {
			isa = XCBuildConfiguration;
			buildSettings = {
				ASSETCATALOG_COMPILER_APPICON_NAME = AppIcon;
				CODE_SIGN_IDENTITY = "iPhone Developer";
				FRAMEWORK_SEARCH_PATHS = (
					"$(inherited)",
					"../Flare/Output/Release-iphoneos",
					"../SocketIO/Output/Release-iphoneos",
				);
				INFOPLIST_FILE = Trilateral/Info.plist;
				IPHONEOS_DEPLOYMENT_TARGET = 9.0;
				LD_RUNPATH_SEARCH_PATHS = "$(inherited) @executable_path/Frameworks";
				PRODUCT_BUNDLE_IDENTIFIER = "$(PRODUCT_BUNDLE_IDENTIFIER)com.cisco.flare.Trilateral";
				PRODUCT_NAME = "$(TARGET_NAME)";
				PROVISIONING_PROFILE = "13d2036f-29dc-4c2c-825e-0ca42711dabb";
			};
			name = Debug;
		};
		C9D1AA5E1AC1F5860003B8A1 /* Release */ = {
			isa = XCBuildConfiguration;
			buildSettings = {
				ASSETCATALOG_COMPILER_APPICON_NAME = AppIcon;
				CODE_SIGN_IDENTITY = "iPhone Developer";
				FRAMEWORK_SEARCH_PATHS = (
					"$(inherited)",
					"../Flare/Output/Release-iphoneos",
					"../SocketIO/Output/Release-iphoneos",
				);
				INFOPLIST_FILE = Trilateral/Info.plist;
				IPHONEOS_DEPLOYMENT_TARGET = 9.0;
				LD_RUNPATH_SEARCH_PATHS = "$(inherited) @executable_path/Frameworks";
				PRODUCT_BUNDLE_IDENTIFIER = "$(PRODUCT_BUNDLE_IDENTIFIER)com.cisco.flare.Trilateral";
				PRODUCT_NAME = "$(TARGET_NAME)";
				PROVISIONING_PROFILE = "13d2036f-29dc-4c2c-825e-0ca42711dabb";
			};
			name = Release;
		};
/* End XCBuildConfiguration section */

/* Begin XCConfigurationList section */
		C95E8FC01C67F28E00C30E8E /* Build configuration list for PBXNativeTarget "Things Extension" */ = {
			isa = XCConfigurationList;
			buildConfigurations = (
				C95E8FC11C67F28E00C30E8E /* Debug */,
				C95E8FC21C67F28E00C30E8E /* Release */,
			);
			defaultConfigurationIsVisible = 0;
			defaultConfigurationName = Release;
		};
		C95E8FC41C67F28E00C30E8E /* Build configuration list for PBXNativeTarget "Things" */ = {
			isa = XCConfigurationList;
			buildConfigurations = (
				C95E8FC51C67F28E00C30E8E /* Debug */,
				C95E8FC61C67F28E00C30E8E /* Release */,
			);
			defaultConfigurationIsVisible = 0;
			defaultConfigurationName = Release;
		};
		C9D1AA381AC1F5850003B8A1 /* Build configuration list for PBXProject "Trilateral" */ = {
			isa = XCConfigurationList;
			buildConfigurations = (
				C9D1AA5A1AC1F5860003B8A1 /* Debug */,
				C9D1AA5B1AC1F5860003B8A1 /* Release */,
			);
			defaultConfigurationIsVisible = 0;
			defaultConfigurationName = Release;
		};
		C9D1AA5C1AC1F5860003B8A1 /* Build configuration list for PBXNativeTarget "Trilateral" */ = {
			isa = XCConfigurationList;
			buildConfigurations = (
				C9D1AA5D1AC1F5860003B8A1 /* Debug */,
				C9D1AA5E1AC1F5860003B8A1 /* Release */,
			);
			defaultConfigurationIsVisible = 0;
			defaultConfigurationName = Release;
		};
/* End XCConfigurationList section */
	};
	rootObject = C9D1AA351AC1F5850003B8A1 /* Project object */;
}
