// !$*UTF8*$!
{
	archiveVersion = 1;
	classes = {
	};
	objectVersion = 46;
	objects = {

/* Begin PBXBuildFile section */
		C94290E71C1B83A400FFAA84 /* ColorButton.swift in Sources */ = {isa = PBXBuildFile; fileRef = C94290E61C1B83A400FFAA84 /* ColorButton.swift */; };
		C95CEBF91C1209B100C3A226 /* CompassView.swift in Sources */ = {isa = PBXBuildFile; fileRef = C95CEBF81C1209B100C3A226 /* CompassView.swift */; };
		C95CEBFB1C163A1700C3A226 /* DeviceController.swift in Sources */ = {isa = PBXBuildFile; fileRef = C95CEBFA1C163A1700C3A226 /* DeviceController.swift */; };
		C98970751B81E90900DAB978 /* Flare.framework in Frameworks */ = {isa = PBXBuildFile; fileRef = C98970741B81E90900DAB978 /* Flare.framework */; };
		C98970771B81E91700DAB978 /* SocketIO.framework in Frameworks */ = {isa = PBXBuildFile; fileRef = C98970761B81E91700DAB978 /* SocketIO.framework */; };
		C98970791B81E93100DAB978 /* SocketIO.framework in CopyFiles */ = {isa = PBXBuildFile; fileRef = C98970761B81E91700DAB978 /* SocketIO.framework */; settings = {ATTRIBUTES = (CodeSignOnCopy, RemoveHeadersOnCopy, ); }; };
		C989707A1B81E93100DAB978 /* Flare.framework in CopyFiles */ = {isa = PBXBuildFile; fileRef = C98970741B81E90900DAB978 /* Flare.framework */; settings = {ATTRIBUTES = (CodeSignOnCopy, RemoveHeadersOnCopy, ); }; };
		C9D1AA431AC1F5850003B8A1 /* AppDelegate.swift in Sources */ = {isa = PBXBuildFile; fileRef = C9D1AA421AC1F5850003B8A1 /* AppDelegate.swift */; };
		C9D1AA451AC1F5850003B8A1 /* MapViewController.swift in Sources */ = {isa = PBXBuildFile; fileRef = C9D1AA441AC1F5850003B8A1 /* MapViewController.swift */; };
		C9D1AA481AC1F5850003B8A1 /* Main.storyboard in Resources */ = {isa = PBXBuildFile; fileRef = C9D1AA461AC1F5850003B8A1 /* Main.storyboard */; };
		C9D1AA4A1AC1F5850003B8A1 /* Images.xcassets in Resources */ = {isa = PBXBuildFile; fileRef = C9D1AA491AC1F5850003B8A1 /* Images.xcassets */; };
		C9D1AA4D1AC1F5850003B8A1 /* LaunchScreen.xib in Resources */ = {isa = PBXBuildFile; fileRef = C9D1AA4B1AC1F5850003B8A1 /* LaunchScreen.xib */; };
		C9D1AA631AC1F6F10003B8A1 /* CoreLocation.framework in Frameworks */ = {isa = PBXBuildFile; fileRef = C9D1AA621AC1F6F10003B8A1 /* CoreLocation.framework */; };
		C9D1AA651AC1FA100003B8A1 /* CoreBluetooth.framework in Frameworks */ = {isa = PBXBuildFile; fileRef = C9D1AA641AC1FA100003B8A1 /* CoreBluetooth.framework */; };
		C9D1AA7A1AC4575D0003B8A1 /* IndoorMap.swift in Sources */ = {isa = PBXBuildFile; fileRef = C9D1AA791AC4575D0003B8A1 /* IndoorMap.swift */; };
		C9D397671C18B3FD006E6343 /* Settings.bundle in Resources */ = {isa = PBXBuildFile; fileRef = C9C2DF131B98A334009E51AE /* Settings.bundle */; };
		C9D397691C18CEB8006E6343 /* CompassViewController.swift in Sources */ = {isa = PBXBuildFile; fileRef = C9D397681C18CEB8006E6343 /* CompassViewController.swift */; };
		C9D3976B1C18D424006E6343 /* NearbyThingController.swift in Sources */ = {isa = PBXBuildFile; fileRef = C9D3976A1C18D424006E6343 /* NearbyThingController.swift */; };
/* End PBXBuildFile section */

/* Begin PBXCopyFilesBuildPhase section */
		C98970781B81E92B00DAB978 /* CopyFiles */ = {
			isa = PBXCopyFilesBuildPhase;
			buildActionMask = 2147483647;
			dstPath = "";
			dstSubfolderSpec = 10;
			files = (
				C98970791B81E93100DAB978 /* SocketIO.framework in CopyFiles */,
				C989707A1B81E93100DAB978 /* Flare.framework in CopyFiles */,
			);
			runOnlyForDeploymentPostprocessing = 0;
		};
/* End PBXCopyFilesBuildPhase section */

/* Begin PBXFileReference section */
		C94290E61C1B83A400FFAA84 /* ColorButton.swift */ = {isa = PBXFileReference; fileEncoding = 4; lastKnownFileType = sourcecode.swift; path = ColorButton.swift; sourceTree = "<group>"; };
		C95CEBF81C1209B100C3A226 /* CompassView.swift */ = {isa = PBXFileReference; fileEncoding = 4; lastKnownFileType = sourcecode.swift; path = CompassView.swift; sourceTree = "<group>"; };
		C95CEBFA1C163A1700C3A226 /* DeviceController.swift */ = {isa = PBXFileReference; fileEncoding = 4; lastKnownFileType = sourcecode.swift; path = DeviceController.swift; sourceTree = "<group>"; };
		C98970741B81E90900DAB978 /* Flare.framework */ = {isa = PBXFileReference; lastKnownFileType = wrapper.framework; name = Flare.framework; path = "../../Flare/Output/Release-iphoneos/Flare.framework"; sourceTree = "<group>"; };
		C98970761B81E91700DAB978 /* SocketIO.framework */ = {isa = PBXFileReference; lastKnownFileType = wrapper.framework; name = SocketIO.framework; path = "../../SocketIO/Output/Release-iphoneos/SocketIO.framework"; sourceTree = "<group>"; };
		C9C2DF131B98A334009E51AE /* Settings.bundle */ = {isa = PBXFileReference; lastKnownFileType = "wrapper.plug-in"; path = Settings.bundle; sourceTree = "<group>"; };
		C9D1AA3D1AC1F5850003B8A1 /* Trilateral.app */ = {isa = PBXFileReference; explicitFileType = wrapper.application; includeInIndex = 0; path = Trilateral.app; sourceTree = BUILT_PRODUCTS_DIR; };
		C9D1AA411AC1F5850003B8A1 /* Info.plist */ = {isa = PBXFileReference; lastKnownFileType = text.plist.xml; path = Info.plist; sourceTree = "<group>"; };
		C9D1AA421AC1F5850003B8A1 /* AppDelegate.swift */ = {isa = PBXFileReference; lastKnownFileType = sourcecode.swift; path = AppDelegate.swift; sourceTree = "<group>"; };
		C9D1AA441AC1F5850003B8A1 /* MapViewController.swift */ = {isa = PBXFileReference; lastKnownFileType = sourcecode.swift; path = MapViewController.swift; sourceTree = "<group>"; };
		C9D1AA471AC1F5850003B8A1 /* Base */ = {isa = PBXFileReference; lastKnownFileType = file.storyboard; name = Base; path = Base.lproj/Main.storyboard; sourceTree = "<group>"; };
		C9D1AA491AC1F5850003B8A1 /* Images.xcassets */ = {isa = PBXFileReference; lastKnownFileType = folder.assetcatalog; path = Images.xcassets; sourceTree = "<group>"; };
		C9D1AA4C1AC1F5850003B8A1 /* Base */ = {isa = PBXFileReference; lastKnownFileType = file.xib; name = Base; path = Base.lproj/LaunchScreen.xib; sourceTree = "<group>"; };
		C9D1AA621AC1F6F10003B8A1 /* CoreLocation.framework */ = {isa = PBXFileReference; lastKnownFileType = wrapper.framework; name = CoreLocation.framework; path = System/Library/Frameworks/CoreLocation.framework; sourceTree = SDKROOT; };
		C9D1AA641AC1FA100003B8A1 /* CoreBluetooth.framework */ = {isa = PBXFileReference; lastKnownFileType = wrapper.framework; name = CoreBluetooth.framework; path = System/Library/Frameworks/CoreBluetooth.framework; sourceTree = SDKROOT; };
		C9D1AA791AC4575D0003B8A1 /* IndoorMap.swift */ = {isa = PBXFileReference; fileEncoding = 4; lastKnownFileType = sourcecode.swift; path = IndoorMap.swift; sourceTree = "<group>"; };
		C9D397681C18CEB8006E6343 /* CompassViewController.swift */ = {isa = PBXFileReference; fileEncoding = 4; lastKnownFileType = sourcecode.swift; path = CompassViewController.swift; sourceTree = "<group>"; };
		C9D3976A1C18D424006E6343 /* NearbyThingController.swift */ = {isa = PBXFileReference; fileEncoding = 4; lastKnownFileType = sourcecode.swift; path = NearbyThingController.swift; sourceTree = "<group>"; };
/* End PBXFileReference section */

/* Begin PBXFrameworksBuildPhase section */
		C9D1AA3A1AC1F5850003B8A1 /* Frameworks */ = {
			isa = PBXFrameworksBuildPhase;
			buildActionMask = 2147483647;
			files = (
				C9D1AA651AC1FA100003B8A1 /* CoreBluetooth.framework in Frameworks */,
				C98970751B81E90900DAB978 /* Flare.framework in Frameworks */,
				C9D1AA631AC1F6F10003B8A1 /* CoreLocation.framework in Frameworks */,
				C98970771B81E91700DAB978 /* SocketIO.framework in Frameworks */,
			);
			runOnlyForDeploymentPostprocessing = 0;
		};
/* End PBXFrameworksBuildPhase section */

/* Begin PBXGroup section */
		C9887ECE1C18EEDB008FBD21 /* View Controllers */ = {
			isa = PBXGroup;
			children = (
				C95CEBFA1C163A1700C3A226 /* DeviceController.swift */,
				C9D1AA441AC1F5850003B8A1 /* MapViewController.swift */,
				C9D397681C18CEB8006E6343 /* CompassViewController.swift */,
				C9D3976A1C18D424006E6343 /* NearbyThingController.swift */,
			);
			name = "View Controllers";
			sourceTree = "<group>";
		};
		C9887ECF1C18EEE4008FBD21 /* Views */ = {
			isa = PBXGroup;
			children = (
				C9D1AA791AC4575D0003B8A1 /* IndoorMap.swift */,
				C95CEBF81C1209B100C3A226 /* CompassView.swift */,
				C94290E61C1B83A400FFAA84 /* ColorButton.swift */,
			);
			name = Views;
			sourceTree = "<group>";
		};
		C9D1AA341AC1F5850003B8A1 = {
			isa = PBXGroup;
			children = (
				C9D1AA3F1AC1F5850003B8A1 /* Trilateral */,
				C9D1AA3E1AC1F5850003B8A1 /* Products */,
			);
			sourceTree = "<group>";
		};
		C9D1AA3E1AC1F5850003B8A1 /* Products */ = {
			isa = PBXGroup;
			children = (
				C9D1AA3D1AC1F5850003B8A1 /* Trilateral.app */,
			);
			name = Products;
			sourceTree = "<group>";
		};
		C9D1AA3F1AC1F5850003B8A1 /* Trilateral */ = {
			isa = PBXGroup;
			children = (
				C9D1AA421AC1F5850003B8A1 /* AppDelegate.swift */,
				C9887ECE1C18EEDB008FBD21 /* View Controllers */,
				C9887ECF1C18EEE4008FBD21 /* Views */,
				C9D1AA461AC1F5850003B8A1 /* Main.storyboard */,
				C9D1AA491AC1F5850003B8A1 /* Images.xcassets */,
				C9D1AA4B1AC1F5850003B8A1 /* LaunchScreen.xib */,
				C9C2DF131B98A334009E51AE /* Settings.bundle */,
				C9D1AA661AC1FA190003B8A1 /* Frameworks */,
				C9D1AA401AC1F5850003B8A1 /* Supporting Files */,
			);
			path = Trilateral;
			sourceTree = "<group>";
		};
		C9D1AA401AC1F5850003B8A1 /* Supporting Files */ = {
			isa = PBXGroup;
			children = (
				C9D1AA411AC1F5850003B8A1 /* Info.plist */,
			);
			name = "Supporting Files";
			sourceTree = "<group>";
		};
		C9D1AA661AC1FA190003B8A1 /* Frameworks */ = {
			isa = PBXGroup;
			children = (
				C98970761B81E91700DAB978 /* SocketIO.framework */,
				C98970741B81E90900DAB978 /* Flare.framework */,
				C9D1AA641AC1FA100003B8A1 /* CoreBluetooth.framework */,
				C9D1AA621AC1F6F10003B8A1 /* CoreLocation.framework */,
			);
			name = Frameworks;
			sourceTree = "<group>";
		};
/* End PBXGroup section */

/* Begin PBXNativeTarget section */
		C9D1AA3C1AC1F5850003B8A1 /* Trilateral */ = {
			isa = PBXNativeTarget;
			buildConfigurationList = C9D1AA5C1AC1F5860003B8A1 /* Build configuration list for PBXNativeTarget "Trilateral" */;
			buildPhases = (
				C9D1AA391AC1F5850003B8A1 /* Sources */,
				C9D1AA3A1AC1F5850003B8A1 /* Frameworks */,
				C9D1AA3B1AC1F5850003B8A1 /* Resources */,
				C98970781B81E92B00DAB978 /* CopyFiles */,
			);
			buildRules = (
			);
			dependencies = (
			);
			name = Trilateral;
			productName = Trilateral;
			productReference = C9D1AA3D1AC1F5850003B8A1 /* Trilateral.app */;
			productType = "com.apple.product-type.application";
		};
/* End PBXNativeTarget section */

/* Begin PBXProject section */
		C9D1AA351AC1F5850003B8A1 /* Project object */ = {
			isa = PBXProject;
			attributes = {
				LastSwiftMigration = 0710;
				LastSwiftUpdateCheck = 0700;
				LastUpgradeCheck = 0710;
				ORGANIZATIONNAME = Cisco;
				TargetAttributes = {
					C9D1AA3C1AC1F5850003B8A1 = {
						CreatedOnToolsVersion = 6.2;
						DevelopmentTeam = UN88H9QU8J;
					};
				};
			};
			buildConfigurationList = C9D1AA381AC1F5850003B8A1 /* Build configuration list for PBXProject "Trilateral" */;
			compatibilityVersion = "Xcode 3.2";
			developmentRegion = English;
			hasScannedForEncodings = 0;
			knownRegions = (
				en,
				Base,
			);
			mainGroup = C9D1AA341AC1F5850003B8A1;
			productRefGroup = C9D1AA3E1AC1F5850003B8A1 /* Products */;
			projectDirPath = "";
			projectRoot = "";
			targets = (
				C9D1AA3C1AC1F5850003B8A1 /* Trilateral */,
			);
		};
/* End PBXProject section */

/* Begin PBXResourcesBuildPhase section */
		C9D1AA3B1AC1F5850003B8A1 /* Resources */ = {
			isa = PBXResourcesBuildPhase;
			buildActionMask = 2147483647;
			files = (
				C9D397671C18B3FD006E6343 /* Settings.bundle in Resources */,
				C9D1AA481AC1F5850003B8A1 /* Main.storyboard in Resources */,
				C9D1AA4D1AC1F5850003B8A1 /* LaunchScreen.xib in Resources */,
				C9D1AA4A1AC1F5850003B8A1 /* Images.xcassets in Resources */,
			);
			runOnlyForDeploymentPostprocessing = 0;
		};
/* End PBXResourcesBuildPhase section */

/* Begin PBXSourcesBuildPhase section */
		C9D1AA391AC1F5850003B8A1 /* Sources */ = {
			isa = PBXSourcesBuildPhase;
			buildActionMask = 2147483647;
			files = (
				C9D1AA7A1AC4575D0003B8A1 /* IndoorMap.swift in Sources */,
				C95CEBF91C1209B100C3A226 /* CompassView.swift in Sources */,
				C95CEBFB1C163A1700C3A226 /* DeviceController.swift in Sources */,
				C9D397691C18CEB8006E6343 /* CompassViewController.swift in Sources */,
				C9D1AA451AC1F5850003B8A1 /* MapViewController.swift in Sources */,
				C9D1AA431AC1F5850003B8A1 /* AppDelegate.swift in Sources */,
				C9D3976B1C18D424006E6343 /* NearbyThingController.swift in Sources */,
				C94290E71C1B83A400FFAA84 /* ColorButton.swift in Sources */,
			);
			runOnlyForDeploymentPostprocessing = 0;
		};
/* End PBXSourcesBuildPhase section */

/* Begin PBXVariantGroup section */
		C9D1AA461AC1F5850003B8A1 /* Main.storyboard */ = {
			isa = PBXVariantGroup;
			children = (
				C9D1AA471AC1F5850003B8A1 /* Base */,
			);
			name = Main.storyboard;
			sourceTree = "<group>";
		};
		C9D1AA4B1AC1F5850003B8A1 /* LaunchScreen.xib */ = {
			isa = PBXVariantGroup;
			children = (
				C9D1AA4C1AC1F5850003B8A1 /* Base */,
			);
			name = LaunchScreen.xib;
			sourceTree = "<group>";
		};
/* End PBXVariantGroup section */

/* Begin XCBuildConfiguration section */
		C9D1AA5A1AC1F5860003B8A1 /* Debug */ = {
			isa = XCBuildConfiguration;
			buildSettings = {
				ALWAYS_SEARCH_USER_PATHS = NO;
				CLANG_CXX_LANGUAGE_STANDARD = "gnu++0x";
				CLANG_CXX_LIBRARY = "libc++";
				CLANG_ENABLE_MODULES = YES;
				CLANG_ENABLE_OBJC_ARC = YES;
				CLANG_WARN_BOOL_CONVERSION = YES;
				CLANG_WARN_CONSTANT_CONVERSION = YES;
				CLANG_WARN_DIRECT_OBJC_ISA_USAGE = YES_ERROR;
				CLANG_WARN_EMPTY_BODY = YES;
				CLANG_WARN_ENUM_CONVERSION = YES;
				CLANG_WARN_INT_CONVERSION = YES;
				CLANG_WARN_OBJC_ROOT_CLASS = YES_ERROR;
				CLANG_WARN_UNREACHABLE_CODE = YES;
				CLANG_WARN__DUPLICATE_METHOD_MATCH = YES;
				"CODE_SIGN_IDENTITY[sdk=iphoneos*]" = "iPhone Developer";
				COPY_PHASE_STRIP = NO;
				ENABLE_STRICT_OBJC_MSGSEND = YES;
				ENABLE_TESTABILITY = YES;
				GCC_C_LANGUAGE_STANDARD = gnu99;
				GCC_DYNAMIC_NO_PIC = NO;
				GCC_OPTIMIZATION_LEVEL = 0;
				GCC_PREPROCESSOR_DEFINITIONS = (
					"DEBUG=1",
					"$(inherited)",
				);
				GCC_SYMBOLS_PRIVATE_EXTERN = NO;
				GCC_WARN_64_TO_32_BIT_CONVERSION = YES;
				GCC_WARN_ABOUT_RETURN_TYPE = YES_ERROR;
				GCC_WARN_UNDECLARED_SELECTOR = YES;
				GCC_WARN_UNINITIALIZED_AUTOS = YES_AGGRESSIVE;
				GCC_WARN_UNUSED_FUNCTION = YES;
				GCC_WARN_UNUSED_VARIABLE = YES;
				IPHONEOS_DEPLOYMENT_TARGET = 8.2;
				MTL_ENABLE_DEBUG_INFO = YES;
				ONLY_ACTIVE_ARCH = YES;
				SDKROOT = iphoneos;
				SWIFT_OPTIMIZATION_LEVEL = "-Onone";
				TARGETED_DEVICE_FAMILY = "1,2";
			};
			name = Debug;
		};
		C9D1AA5B1AC1F5860003B8A1 /* Release */ = {
			isa = XCBuildConfiguration;
			buildSettings = {
				ALWAYS_SEARCH_USER_PATHS = NO;
				CLANG_CXX_LANGUAGE_STANDARD = "gnu++0x";
				CLANG_CXX_LIBRARY = "libc++";
				CLANG_ENABLE_MODULES = YES;
				CLANG_ENABLE_OBJC_ARC = YES;
				CLANG_WARN_BOOL_CONVERSION = YES;
				CLANG_WARN_CONSTANT_CONVERSION = YES;
				CLANG_WARN_DIRECT_OBJC_ISA_USAGE = YES_ERROR;
				CLANG_WARN_EMPTY_BODY = YES;
				CLANG_WARN_ENUM_CONVERSION = YES;
				CLANG_WARN_INT_CONVERSION = YES;
				CLANG_WARN_OBJC_ROOT_CLASS = YES_ERROR;
				CLANG_WARN_UNREACHABLE_CODE = YES;
				CLANG_WARN__DUPLICATE_METHOD_MATCH = YES;
				"CODE_SIGN_IDENTITY[sdk=iphoneos*]" = "iPhone Developer";
				COPY_PHASE_STRIP = NO;
				ENABLE_NS_ASSERTIONS = NO;
				ENABLE_STRICT_OBJC_MSGSEND = YES;
				GCC_C_LANGUAGE_STANDARD = gnu99;
				GCC_WARN_64_TO_32_BIT_CONVERSION = YES;
				GCC_WARN_ABOUT_RETURN_TYPE = YES_ERROR;
				GCC_WARN_UNDECLARED_SELECTOR = YES;
				GCC_WARN_UNINITIALIZED_AUTOS = YES_AGGRESSIVE;
				GCC_WARN_UNUSED_FUNCTION = YES;
				GCC_WARN_UNUSED_VARIABLE = YES;
				IPHONEOS_DEPLOYMENT_TARGET = 8.2;
				MTL_ENABLE_DEBUG_INFO = NO;
				SDKROOT = iphoneos;
				TARGETED_DEVICE_FAMILY = "1,2";
				VALIDATE_PRODUCT = YES;
			};
			name = Release;
		};
		C9D1AA5D1AC1F5860003B8A1 /* Debug */ = {
			isa = XCBuildConfiguration;
			buildSettings = {
				ASSETCATALOG_COMPILER_APPICON_NAME = AppIcon;
				CODE_SIGN_IDENTITY = "iPhone Developer";
				FRAMEWORK_SEARCH_PATHS = (
					"$(inherited)",
					"../Flare/Output/Release-iphoneos",
					"../SocketIO/Output/Release-iphoneos",
				);
				INFOPLIST_FILE = Trilateral/Info.plist;
				IPHONEOS_DEPLOYMENT_TARGET = 8.4;
				LD_RUNPATH_SEARCH_PATHS = "$(inherited) @executable_path/Frameworks";
				PRODUCT_BUNDLE_IDENTIFIER = "$(PRODUCT_BUNDLE_IDENTIFIER)com.cisco.flare.Trilateral";
				PRODUCT_NAME = "$(TARGET_NAME)";
				PROVISIONING_PROFILE = "13d2036f-29dc-4c2c-825e-0ca42711dabb";
			};
			name = Debug;
		};
		C9D1AA5E1AC1F5860003B8A1 /* Release */ = {
			isa = XCBuildConfiguration;
			buildSettings = {
				ASSETCATALOG_COMPILER_APPICON_NAME = AppIcon;
				CODE_SIGN_IDENTITY = "iPhone Developer";
				FRAMEWORK_SEARCH_PATHS = (
					"$(inherited)",
					"../Flare/Output/Release-iphoneos",
					"../SocketIO/Output/Release-iphoneos",
				);
				INFOPLIST_FILE = Trilateral/Info.plist;
				IPHONEOS_DEPLOYMENT_TARGET = 8.4;
				LD_RUNPATH_SEARCH_PATHS = "$(inherited) @executable_path/Frameworks";
				PRODUCT_BUNDLE_IDENTIFIER = "$(PRODUCT_BUNDLE_IDENTIFIER)com.cisco.flare.Trilateral";
				PRODUCT_NAME = "$(TARGET_NAME)";
				PROVISIONING_PROFILE = "13d2036f-29dc-4c2c-825e-0ca42711dabb";
			};
			name = Release;
		};
/* End XCBuildConfiguration section */

/* Begin XCConfigurationList section */
		C9D1AA381AC1F5850003B8A1 /* Build configuration list for PBXProject "Trilateral" */ = {
			isa = XCConfigurationList;
			buildConfigurations = (
				C9D1AA5A1AC1F5860003B8A1 /* Debug */,
				C9D1AA5B1AC1F5860003B8A1 /* Release */,
			);
			defaultConfigurationIsVisible = 0;
			defaultConfigurationName = Release;
		};
		C9D1AA5C1AC1F5860003B8A1 /* Build configuration list for PBXNativeTarget "Trilateral" */ = {
			isa = XCConfigurationList;
			buildConfigurations = (
				C9D1AA5D1AC1F5860003B8A1 /* Debug */,
				C9D1AA5E1AC1F5860003B8A1 /* Release */,
			);
			defaultConfigurationIsVisible = 0;
			defaultConfigurationName = Release;
		};
/* End XCConfigurationList section */
	};
	rootObject = C9D1AA351AC1F5850003B8A1 /* Project object */;
}
