// !$*UTF8*$!
{
	archiveVersion = 1;
	classes = {
	};
	objectVersion = 46;
	objects = {

/* Begin PBXBuildFile section */
		C9DB56E21BD18AE40030E8A7 /* AppDelegate.swift in Sources */ = {isa = PBXBuildFile; fileRef = C9DB56E11BD18AE40030E8A7 /* AppDelegate.swift */; };
		C9DB56E41BD18AE40030E8A7 /* Images.xcassets in Resources */ = {isa = PBXBuildFile; fileRef = C9DB56E31BD18AE40030E8A7 /* Images.xcassets */; };
		C9DB56E71BD18AE40030E8A7 /* MainMenu.xib in Resources */ = {isa = PBXBuildFile; fileRef = C9DB56E51BD18AE40030E8A7 /* MainMenu.xib */; };
		C9DB56FD1BD18B0F0030E8A7 /* SocketIO.framework in Frameworks */ = {isa = PBXBuildFile; fileRef = C9DB56FC1BD18B0F0030E8A7 /* SocketIO.framework */; };
		C9DB56FF1BD18B1E0030E8A7 /* Flare.framework in Frameworks */ = {isa = PBXBuildFile; fileRef = C9DB56FE1BD18B1E0030E8A7 /* Flare.framework */; };
		C9DB57011BD18BAA0030E8A7 /* Flare.framework in CopyFiles */ = {isa = PBXBuildFile; fileRef = C9DB56FE1BD18B1E0030E8A7 /* Flare.framework */; settings = {ATTRIBUTES = (CodeSignOnCopy, RemoveHeadersOnCopy, ); }; };
		C9DB57021BD18BAC0030E8A7 /* SocketIO.framework in CopyFiles */ = {isa = PBXBuildFile; fileRef = C9DB56FC1BD18B0F0030E8A7 /* SocketIO.framework */; settings = {ATTRIBUTES = (CodeSignOnCopy, RemoveHeadersOnCopy, ); }; };
		C9DB57041BD18C8F0030E8A7 /* model.json in Resources */ = {isa = PBXBuildFile; fileRef = C9DB57031BD18C8F0030E8A7 /* model.json */; };
/* End PBXBuildFile section */

/* Begin PBXCopyFilesBuildPhase section */
		C9DB57001BD18BA20030E8A7 /* CopyFiles */ = {
			isa = PBXCopyFilesBuildPhase;
			buildActionMask = 2147483647;
			dstPath = "";
			dstSubfolderSpec = 10;
			files = (
				C9DB57021BD18BAC0030E8A7 /* SocketIO.framework in CopyFiles */,
				C9DB57011BD18BAA0030E8A7 /* Flare.framework in CopyFiles */,
			);
			runOnlyForDeploymentPostprocessing = 0;
		};
/* End PBXCopyFilesBuildPhase section */

/* Begin PBXFileReference section */
		C9DB56DC1BD18AE40030E8A7 /* Importer.app */ = {isa = PBXFileReference; explicitFileType = wrapper.application; includeInIndex = 0; path = Importer.app; sourceTree = BUILT_PRODUCTS_DIR; };
		C9DB56E01BD18AE40030E8A7 /* Info.plist */ = {isa = PBXFileReference; lastKnownFileType = text.plist.xml; path = Info.plist; sourceTree = "<group>"; };
		C9DB56E11BD18AE40030E8A7 /* AppDelegate.swift */ = {isa = PBXFileReference; lastKnownFileType = sourcecode.swift; path = AppDelegate.swift; sourceTree = "<group>"; };
		C9DB56E31BD18AE40030E8A7 /* Images.xcassets */ = {isa = PBXFileReference; lastKnownFileType = folder.assetcatalog; path = Images.xcassets; sourceTree = "<group>"; };
		C9DB56E61BD18AE40030E8A7 /* Base */ = {isa = PBXFileReference; lastKnownFileType = file.xib; name = Base; path = Base.lproj/MainMenu.xib; sourceTree = "<group>"; };
		C9DB56FC1BD18B0F0030E8A7 /* SocketIO.framework */ = {isa = PBXFileReference; lastKnownFileType = wrapper.framework; name = SocketIO.framework; path = ../../SocketIO/Output/Release/SocketIO.framework; sourceTree = "<group>"; };
		C9DB56FE1BD18B1E0030E8A7 /* Flare.framework */ = {isa = PBXFileReference; lastKnownFileType = wrapper.framework; name = Flare.framework; path = ../../Flare/Output/Release/Flare.framework; sourceTree = "<group>"; };
		C9DB57031BD18C8F0030E8A7 /* model.json */ = {isa = PBXFileReference; fileEncoding = 4; lastKnownFileType = text.json; path = model.json; sourceTree = "<group>"; };
/* End PBXFileReference section */

/* Begin PBXFrameworksBuildPhase section */
		C9DB56D91BD18AE40030E8A7 /* Frameworks */ = {
			isa = PBXFrameworksBuildPhase;
			buildActionMask = 2147483647;
			files = (
				C9DB56FD1BD18B0F0030E8A7 /* SocketIO.framework in Frameworks */,
				C9DB56FF1BD18B1E0030E8A7 /* Flare.framework in Frameworks */,
			);
			runOnlyForDeploymentPostprocessing = 0;
		};
/* End PBXFrameworksBuildPhase section */

/* Begin PBXGroup section */
		C9DB56D31BD18AE40030E8A7 = {
			isa = PBXGroup;
			children = (
				C9DB56DE1BD18AE40030E8A7 /* Importer */,
				C9DB56DD1BD18AE40030E8A7 /* Products */,
			);
			sourceTree = "<group>";
		};
		C9DB56DD1BD18AE40030E8A7 /* Products */ = {
			isa = PBXGroup;
			children = (
				C9DB56DC1BD18AE40030E8A7 /* Importer.app */,
			);
			name = Products;
			sourceTree = "<group>";
		};
		C9DB56DE1BD18AE40030E8A7 /* Importer */ = {
			isa = PBXGroup;
			children = (
				C9DB56E11BD18AE40030E8A7 /* AppDelegate.swift */,
				C9DB57031BD18C8F0030E8A7 /* model.json */,
				C9DB56E31BD18AE40030E8A7 /* Images.xcassets */,
				C9DB56E51BD18AE40030E8A7 /* MainMenu.xib */,
				C9DB56DF1BD18AE40030E8A7 /* Supporting Files */,
			);
			path = Importer;
			sourceTree = "<group>";
		};
		C9DB56DF1BD18AE40030E8A7 /* Supporting Files */ = {
			isa = PBXGroup;
			children = (
				C9DB56FE1BD18B1E0030E8A7 /* Flare.framework */,
				C9DB56FC1BD18B0F0030E8A7 /* SocketIO.framework */,
				C9DB56E01BD18AE40030E8A7 /* Info.plist */,
			);
			name = "Supporting Files";
			sourceTree = "<group>";
		};
/* End PBXGroup section */

/* Begin PBXNativeTarget section */
		C9DB56DB1BD18AE40030E8A7 /* Importer */ = {
			isa = PBXNativeTarget;
			buildConfigurationList = C9DB56F61BD18AE40030E8A7 /* Build configuration list for PBXNativeTarget "Importer" */;
			buildPhases = (
				C9DB56D81BD18AE40030E8A7 /* Sources */,
				C9DB56D91BD18AE40030E8A7 /* Frameworks */,
				C9DB56DA1BD18AE40030E8A7 /* Resources */,
				C9DB57001BD18BA20030E8A7 /* CopyFiles */,
			);
			buildRules = (
			);
			dependencies = (
			);
			name = Importer;
			productName = Importer;
			productReference = C9DB56DC1BD18AE40030E8A7 /* Importer.app */;
			productType = "com.apple.product-type.application";
		};
/* End PBXNativeTarget section */

/* Begin PBXProject section */
		C9DB56D41BD18AE40030E8A7 /* Project object */ = {
			isa = PBXProject;
			attributes = {
				LastSwiftMigration = 0710;
				LastSwiftUpdateCheck = 0700;
				LastUpgradeCheck = 0710;
				ORGANIZATIONNAME = Cisco;
				TargetAttributes = {
					C9DB56DB1BD18AE40030E8A7 = {
						CreatedOnToolsVersion = 6.4;
					};
				};
			};
			buildConfigurationList = C9DB56D71BD18AE40030E8A7 /* Build configuration list for PBXProject "Importer" */;
			compatibilityVersion = "Xcode 3.2";
			developmentRegion = English;
			hasScannedForEncodings = 0;
			knownRegions = (
				en,
				Base,
			);
			mainGroup = C9DB56D31BD18AE40030E8A7;
			productRefGroup = C9DB56DD1BD18AE40030E8A7 /* Products */;
			projectDirPath = "";
			projectRoot = "";
			targets = (
				C9DB56DB1BD18AE40030E8A7 /* Importer */,
			);
		};
/* End PBXProject section */

/* Begin PBXResourcesBuildPhase section */
		C9DB56DA1BD18AE40030E8A7 /* Resources */ = {
			isa = PBXResourcesBuildPhase;
			buildActionMask = 2147483647;
			files = (
				C9DB56E41BD18AE40030E8A7 /* Images.xcassets in Resources */,
				C9DB57041BD18C8F0030E8A7 /* model.json in Resources */,
				C9DB56E71BD18AE40030E8A7 /* MainMenu.xib in Resources */,
			);
			runOnlyForDeploymentPostprocessing = 0;
		};
/* End PBXResourcesBuildPhase section */

/* Begin PBXSourcesBuildPhase section */
		C9DB56D81BD18AE40030E8A7 /* Sources */ = {
			isa = PBXSourcesBuildPhase;
			buildActionMask = 2147483647;
			files = (
				C9DB56E21BD18AE40030E8A7 /* AppDelegate.swift in Sources */,
			);
			runOnlyForDeploymentPostprocessing = 0;
		};
/* End PBXSourcesBuildPhase section */

/* Begin PBXVariantGroup section */
		C9DB56E51BD18AE40030E8A7 /* MainMenu.xib */ = {
			isa = PBXVariantGroup;
			children = (
				C9DB56E61BD18AE40030E8A7 /* Base */,
			);
			name = MainMenu.xib;
			sourceTree = "<group>";
		};
/* End PBXVariantGroup section */

/* Begin XCBuildConfiguration section */
		C9DB56F41BD18AE40030E8A7 /* Debug */ = {
			isa = XCBuildConfiguration;
			buildSettings = {
				ALWAYS_SEARCH_USER_PATHS = NO;
				CLANG_CXX_LANGUAGE_STANDARD = "gnu++0x";
				CLANG_CXX_LIBRARY = "libc++";
				CLANG_ENABLE_MODULES = YES;
				CLANG_ENABLE_OBJC_ARC = YES;
				CLANG_WARN_BOOL_CONVERSION = YES;
				CLANG_WARN_CONSTANT_CONVERSION = YES;
				CLANG_WARN_DIRECT_OBJC_ISA_USAGE = YES_ERROR;
				CLANG_WARN_EMPTY_BODY = YES;
				CLANG_WARN_ENUM_CONVERSION = YES;
				CLANG_WARN_INT_CONVERSION = YES;
				CLANG_WARN_OBJC_ROOT_CLASS = YES_ERROR;
				CLANG_WARN_UNREACHABLE_CODE = YES;
				CLANG_WARN__DUPLICATE_METHOD_MATCH = YES;
				CODE_SIGN_IDENTITY = "-";
				COPY_PHASE_STRIP = NO;
				DEBUG_INFORMATION_FORMAT = dwarf;
				ENABLE_STRICT_OBJC_MSGSEND = YES;
				ENABLE_TESTABILITY = YES;
				GCC_C_LANGUAGE_STANDARD = gnu99;
				GCC_DYNAMIC_NO_PIC = NO;
				GCC_NO_COMMON_BLOCKS = YES;
				GCC_OPTIMIZATION_LEVEL = 0;
				GCC_PREPROCESSOR_DEFINITIONS = (
					"DEBUG=1",
					"$(inherited)",
				);
				GCC_SYMBOLS_PRIVATE_EXTERN = NO;
				GCC_WARN_64_TO_32_BIT_CONVERSION = YES;
				GCC_WARN_ABOUT_RETURN_TYPE = YES_ERROR;
				GCC_WARN_UNDECLARED_SELECTOR = YES;
				GCC_WARN_UNINITIALIZED_AUTOS = YES_AGGRESSIVE;
				GCC_WARN_UNUSED_FUNCTION = YES;
				GCC_WARN_UNUSED_VARIABLE = YES;
				MACOSX_DEPLOYMENT_TARGET = 10.11;
				MTL_ENABLE_DEBUG_INFO = YES;
				ONLY_ACTIVE_ARCH = YES;
				SDKROOT = macosx;
				SWIFT_OPTIMIZATION_LEVEL = "-Onone";
			};
			name = Debug;
		};
		C9DB56F51BD18AE40030E8A7 /* Release */ = {
			isa = XCBuildConfiguration;
			buildSettings = {
				ALWAYS_SEARCH_USER_PATHS = NO;
				CLANG_CXX_LANGUAGE_STANDARD = "gnu++0x";
				CLANG_CXX_LIBRARY = "libc++";
				CLANG_ENABLE_MODULES = YES;
				CLANG_ENABLE_OBJC_ARC = YES;
				CLANG_WARN_BOOL_CONVERSION = YES;
				CLANG_WARN_CONSTANT_CONVERSION = YES;
				CLANG_WARN_DIRECT_OBJC_ISA_USAGE = YES_ERROR;
				CLANG_WARN_EMPTY_BODY = YES;
				CLANG_WARN_ENUM_CONVERSION = YES;
				CLANG_WARN_INT_CONVERSION = YES;
				CLANG_WARN_OBJC_ROOT_CLASS = YES_ERROR;
				CLANG_WARN_UNREACHABLE_CODE = YES;
				CLANG_WARN__DUPLICATE_METHOD_MATCH = YES;
				CODE_SIGN_IDENTITY = "-";
				COPY_PHASE_STRIP = NO;
				DEBUG_INFORMATION_FORMAT = "dwarf-with-dsym";
				ENABLE_NS_ASSERTIONS = NO;
				ENABLE_STRICT_OBJC_MSGSEND = YES;
				GCC_C_LANGUAGE_STANDARD = gnu99;
				GCC_NO_COMMON_BLOCKS = YES;
				GCC_WARN_64_TO_32_BIT_CONVERSION = YES;
				GCC_WARN_ABOUT_RETURN_TYPE = YES_ERROR;
				GCC_WARN_UNDECLARED_SELECTOR = YES;
				GCC_WARN_UNINITIALIZED_AUTOS = YES_AGGRESSIVE;
				GCC_WARN_UNUSED_FUNCTION = YES;
				GCC_WARN_UNUSED_VARIABLE = YES;
				MACOSX_DEPLOYMENT_TARGET = 10.11;
				MTL_ENABLE_DEBUG_INFO = NO;
				SDKROOT = macosx;
			};
			name = Release;
		};
		C9DB56F71BD18AE40030E8A7 /* Debug */ = {
			isa = XCBuildConfiguration;
			buildSettings = {
				ASSETCATALOG_COMPILER_APPICON_NAME = AppIcon;
				CODE_SIGN_IDENTITY = "";
				COMBINE_HIDPI_IMAGES = YES;
				FRAMEWORK_SEARCH_PATHS = (
					"$(inherited)",
					"/Volumes/System/Users/azamler/Projects/Flare/IoE-UX-Flare/client/swift/SocketIO/Output/Release",
					"/Volumes/System/Users/azamler/Projects/Flare/IoE-UX-Flare/client/swift/Flare/Output/Release",
				);
				INFOPLIST_FILE = Importer/Info.plist;
				LD_RUNPATH_SEARCH_PATHS = "$(inherited) @executable_path/../Frameworks";
				MACOSX_DEPLOYMENT_TARGET = 10.10;
				PRODUCT_BUNDLE_IDENTIFIER = "com.cisco.flare.$(PRODUCT_NAME:rfc1034identifier)";
				PRODUCT_NAME = "$(TARGET_NAME)";
			};
			name = Debug;
		};
		C9DB56F81BD18AE40030E8A7 /* Release */ = {
			isa = XCBuildConfiguration;
			buildSettings = {
				ASSETCATALOG_COMPILER_APPICON_NAME = AppIcon;
				CODE_SIGN_IDENTITY = "";
				COMBINE_HIDPI_IMAGES = YES;
				FRAMEWORK_SEARCH_PATHS = (
					"$(inherited)",
					"/Volumes/System/Users/azamler/Projects/Flare/IoE-UX-Flare/client/swift/SocketIO/Output/Release",
					"/Volumes/System/Users/azamler/Projects/Flare/IoE-UX-Flare/client/swift/Flare/Output/Release",
				);
				INFOPLIST_FILE = Importer/Info.plist;
				LD_RUNPATH_SEARCH_PATHS = "$(inherited) @executable_path/../Frameworks";
				MACOSX_DEPLOYMENT_TARGET = 10.10;
				PRODUCT_BUNDLE_IDENTIFIER = "com.cisco.flare.$(PRODUCT_NAME:rfc1034identifier)";
				PRODUCT_NAME = "$(TARGET_NAME)";
			};
			name = Release;
		};
/* End XCBuildConfiguration section */

/* Begin XCConfigurationList section */
		C9DB56D71BD18AE40030E8A7 /* Build configuration list for PBXProject "Importer" */ = {
			isa = XCConfigurationList;
			buildConfigurations = (
				C9DB56F41BD18AE40030E8A7 /* Debug */,
				C9DB56F51BD18AE40030E8A7 /* Release */,
			);
			defaultConfigurationIsVisible = 0;
			defaultConfigurationName = Release;
		};
		C9DB56F61BD18AE40030E8A7 /* Build configuration list for PBXNativeTarget "Importer" */ = {
			isa = XCConfigurationList;
			buildConfigurations = (
				C9DB56F71BD18AE40030E8A7 /* Debug */,
				C9DB56F81BD18AE40030E8A7 /* Release */,
			);
			defaultConfigurationIsVisible = 0;
			defaultConfigurationName = Release;
		};
/* End XCConfigurationList section */
	};
	rootObject = C9DB56D41BD18AE40030E8A7 /* Project object */;
}
